
Microsoft Visual Studio Solution File, Format Version 12.00
# TcXaeShell Solution File, Format Version 11.00
VisualStudioVersion = 17.10.35827.194
MinimumVisualStudioVersion = 10.0.40219.1
Project("{DFBE7525-6864-4E62-8B2E-D530D69D9D96}") = "Nepionic_Log_Lib", "src\log-lib\Nepionic_Log_Lib.tspproj", "{C76FFCD8-2A40-4948-9E84-58D9AE658399}"
EndProject
Project("{DFBE7525-6864-4E62-8B2E-D530D69D9D96}") = "Nepionic_Log_OTel_Lib", "src\log-otel-lib\Nepionic_Log_OTel_Lib.tspproj", "{6E861694-DCC2-45EC-993F-303A44EB72E6}"
EndProject
Project("{DFBE7525-6864-4E62-8B2E-D530D69D9D96}") = "Nepionic_Log_Klein_Lib", "src\log-klein-lib\Nepionic_Log_Klein_Lib.tspproj", "{C7FE6F46-15BE-4C61-94D2-7FA31DDD947C}"
EndProject
Project("{DFBE7525-6864-4E62-8B2E-D530D69D9D96}") = "Nepionic_Log_Syslog_Lib", "src\log-syslog-lib\Nepionic_Log_Syslog_Lib.tspproj", "{9CBEF45D-6EE2-400A-840F-1391F08055AD}"
EndProject
Project("{B1E792BE-AA5F-4E3C-8C82-674BF9C0715B}") = "Nepionic_Log_Test", "src\log-test\Nepionic_Log_Test.tsproj", "{02C7A374-2C40-441C-9077-68EBDE8D24D4}"
EndProject
Project("{DFBE7525-6864-4E62-8B2E-D530D69D9D96}") = "Nepionic_Metrics_Lib", "src\metrics-lib\Nepionic_Metrics_Lib.tspproj", "{03FC1E19-0C5C-43EE-912E-A4074519F4CB}"
EndProject
Project("{B1E792BE-AA5F-4E3C-8C82-674BF9C0715B}") = "Nepionic_Metrics_Test", "src\metrics-test\Nepionic_Metrics_Test.tsproj", "{D9D5D492-1CA1-4FC7-8385-344C7D464D81}"
EndProject
Project("{B1E792BE-AA5F-4E3C-8C82-674BF9C0715B}") = "Nepionic_IntegrationTest", "src\integration-test\Nepionic_IntegrationTest.tsproj", "{85CD6551-D720-45BA-A19B-6019A79E11C9}"
EndProject
Project("{DFBE7525-6864-4E62-8B2E-D530D69D9D96}") = "Nepionic_Metrics_OTel_Lib", "src\metrics-otel-lib\Nepionic_Metrics_OTel_Lib.tspproj", "{C165D6D9-2037-4C45-B70C-B6561D67606D}"
EndProject
Project("{DFBE7525-6864-4E62-8B2E-D530D69D9D96}") = "Nepionic_Log_EventLogger_Lib", "Nepionic_Log_EventLogger_Lib\Nepionic_Log_EventLogger_Lib.tspproj", "{487F00AE-F446-468D-A2E1-4A16157AF6CD}"
EndProject
Global
	GlobalSection(SolutionConfigurationPlatforms) = preSolution
		Debug|TwinCAT OS (ARMV7-A) = Debug|TwinCAT OS (ARMV7-A)
		Debug|TwinCAT OS (ARMV7-M) = Debug|TwinCAT OS (ARMV7-M)
		Debug|TwinCAT OS (ARMV8-A) = Debug|TwinCAT OS (ARMV8-A)
		Debug|TwinCAT OS (x64) = Debug|TwinCAT OS (x64)
		Debug|TwinCAT OS (x64-E) = Debug|TwinCAT OS (x64-E)
		Debug|TwinCAT RT (x64) = Debug|TwinCAT RT (x64)
		Debug|TwinCAT RT (x86) = Debug|TwinCAT RT (x86)
		Release|TwinCAT OS (ARMV7-A) = Release|TwinCAT OS (ARMV7-A)
		Release|TwinCAT OS (ARMV7-M) = Release|TwinCAT OS (ARMV7-M)
		Release|TwinCAT OS (ARMV8-A) = Release|TwinCAT OS (ARMV8-A)
		Release|TwinCAT OS (x64) = Release|TwinCAT OS (x64)
		Release|TwinCAT OS (x64-E) = Release|TwinCAT OS (x64-E)
		Release|TwinCAT RT (x64) = Release|TwinCAT RT (x64)
		Release|TwinCAT RT (x86) = Release|TwinCAT RT (x86)
	EndGlobalSection
	GlobalSection(ProjectConfigurationPlatforms) = postSolution
		{C76FFCD8-2A40-4948-9E84-58D9AE658399}.Debug|TwinCAT OS (ARMV7-A).ActiveCfg = Debug|TwinCAT OS (ARMV7-A)
		{C76FFCD8-2A40-4948-9E84-58D9AE658399}.Debug|TwinCAT OS (ARMV7-A).Build.0 = Debug|TwinCAT OS (ARMV7-A)
		{C76FFCD8-2A40-4948-9E84-58D9AE658399}.Debug|TwinCAT OS (ARMV7-M).ActiveCfg = Debug|TwinCAT OS (ARMV7-M)
		{C76FFCD8-2A40-4948-9E84-58D9AE658399}.Debug|TwinCAT OS (ARMV7-M).Build.0 = Debug|TwinCAT OS (ARMV7-M)
		{C76FFCD8-2A40-4948-9E84-58D9AE658399}.Debug|TwinCAT OS (ARMV8-A).ActiveCfg = Debug|TwinCAT OS (ARMV8-A)
		{C76FFCD8-2A40-4948-9E84-58D9AE658399}.Debug|TwinCAT OS (ARMV8-A).Build.0 = Debug|TwinCAT OS (ARMV8-A)
		{C76FFCD8-2A40-4948-9E84-58D9AE658399}.Debug|TwinCAT OS (x64).ActiveCfg = Debug|TwinCAT OS (x64)
		{C76FFCD8-2A40-4948-9E84-58D9AE658399}.Debug|TwinCAT OS (x64).Build.0 = Debug|TwinCAT OS (x64)
		{C76FFCD8-2A40-4948-9E84-58D9AE658399}.Debug|TwinCAT OS (x64-E).ActiveCfg = Debug|TwinCAT OS (x64-E)
		{C76FFCD8-2A40-4948-9E84-58D9AE658399}.Debug|TwinCAT OS (x64-E).Build.0 = Debug|TwinCAT OS (x64-E)
		{C76FFCD8-2A40-4948-9E84-58D9AE658399}.Debug|TwinCAT RT (x64).ActiveCfg = Debug|TwinCAT RT (x64)
		{C76FFCD8-2A40-4948-9E84-58D9AE658399}.Debug|TwinCAT RT (x64).Build.0 = Debug|TwinCAT RT (x64)
		{C76FFCD8-2A40-4948-9E84-58D9AE658399}.Debug|TwinCAT RT (x86).ActiveCfg = Debug|TwinCAT RT (x86)
		{C76FFCD8-2A40-4948-9E84-58D9AE658399}.Debug|TwinCAT RT (x86).Build.0 = Debug|TwinCAT RT (x86)
		{C76FFCD8-2A40-4948-9E84-58D9AE658399}.Release|TwinCAT OS (ARMV7-A).ActiveCfg = Release|TwinCAT OS (ARMV7-A)
		{C76FFCD8-2A40-4948-9E84-58D9AE658399}.Release|TwinCAT OS (ARMV7-A).Build.0 = Release|TwinCAT OS (ARMV7-A)
		{C76FFCD8-2A40-4948-9E84-58D9AE658399}.Release|TwinCAT OS (ARMV7-M).ActiveCfg = Release|TwinCAT OS (ARMV7-M)
		{C76FFCD8-2A40-4948-9E84-58D9AE658399}.Release|TwinCAT OS (ARMV7-M).Build.0 = Release|TwinCAT OS (ARMV7-M)
		{C76FFCD8-2A40-4948-9E84-58D9AE658399}.Release|TwinCAT OS (ARMV8-A).ActiveCfg = Release|TwinCAT OS (ARMV8-A)
		{C76FFCD8-2A40-4948-9E84-58D9AE658399}.Release|TwinCAT OS (ARMV8-A).Build.0 = Release|TwinCAT OS (ARMV8-A)
		{C76FFCD8-2A40-4948-9E84-58D9AE658399}.Release|TwinCAT OS (x64).ActiveCfg = Release|TwinCAT OS (x64)
		{C76FFCD8-2A40-4948-9E84-58D9AE658399}.Release|TwinCAT OS (x64).Build.0 = Release|TwinCAT OS (x64)
		{C76FFCD8-2A40-4948-9E84-58D9AE658399}.Release|TwinCAT OS (x64-E).ActiveCfg = Release|TwinCAT OS (x64-E)
		{C76FFCD8-2A40-4948-9E84-58D9AE658399}.Release|TwinCAT OS (x64-E).Build.0 = Release|TwinCAT OS (x64-E)
		{C76FFCD8-2A40-4948-9E84-58D9AE658399}.Release|TwinCAT RT (x64).ActiveCfg = Release|TwinCAT RT (x64)
		{C76FFCD8-2A40-4948-9E84-58D9AE658399}.Release|TwinCAT RT (x64).Build.0 = Release|TwinCAT RT (x64)
		{C76FFCD8-2A40-4948-9E84-58D9AE658399}.Release|TwinCAT RT (x86).ActiveCfg = Release|TwinCAT RT (x86)
		{C76FFCD8-2A40-4948-9E84-58D9AE658399}.Release|TwinCAT RT (x86).Build.0 = Release|TwinCAT RT (x86)
		{6E861694-DCC2-45EC-993F-303A44EB72E6}.Debug|TwinCAT OS (ARMV7-A).ActiveCfg = Debug|TwinCAT OS (ARMV7-A)
		{6E861694-DCC2-45EC-993F-303A44EB72E6}.Debug|TwinCAT OS (ARMV7-A).Build.0 = Debug|TwinCAT OS (ARMV7-A)
		{6E861694-DCC2-45EC-993F-303A44EB72E6}.Debug|TwinCAT OS (ARMV7-M).ActiveCfg = Debug|TwinCAT OS (ARMV7-M)
		{6E861694-DCC2-45EC-993F-303A44EB72E6}.Debug|TwinCAT OS (ARMV7-M).Build.0 = Debug|TwinCAT OS (ARMV7-M)
		{6E861694-DCC2-45EC-993F-303A44EB72E6}.Debug|TwinCAT OS (ARMV8-A).ActiveCfg = Debug|TwinCAT OS (ARMV8-A)
		{6E861694-DCC2-45EC-993F-303A44EB72E6}.Debug|TwinCAT OS (ARMV8-A).Build.0 = Debug|TwinCAT OS (ARMV8-A)
		{6E861694-DCC2-45EC-993F-303A44EB72E6}.Debug|TwinCAT OS (x64).ActiveCfg = Debug|TwinCAT OS (x64)
		{6E861694-DCC2-45EC-993F-303A44EB72E6}.Debug|TwinCAT OS (x64).Build.0 = Debug|TwinCAT OS (x64)
		{6E861694-DCC2-45EC-993F-303A44EB72E6}.Debug|TwinCAT OS (x64-E).ActiveCfg = Debug|TwinCAT OS (x64-E)
		{6E861694-DCC2-45EC-993F-303A44EB72E6}.Debug|TwinCAT OS (x64-E).Build.0 = Debug|TwinCAT OS (x64-E)
		{6E861694-DCC2-45EC-993F-303A44EB72E6}.Debug|TwinCAT RT (x64).ActiveCfg = Debug|TwinCAT RT (x64)
		{6E861694-DCC2-45EC-993F-303A44EB72E6}.Debug|TwinCAT RT (x64).Build.0 = Debug|TwinCAT RT (x64)
		{6E861694-DCC2-45EC-993F-303A44EB72E6}.Debug|TwinCAT RT (x86).ActiveCfg = Debug|TwinCAT RT (x86)
		{6E861694-DCC2-45EC-993F-303A44EB72E6}.Debug|TwinCAT RT (x86).Build.0 = Debug|TwinCAT RT (x86)
		{6E861694-DCC2-45EC-993F-303A44EB72E6}.Release|TwinCAT OS (ARMV7-A).ActiveCfg = Release|TwinCAT OS (ARMV7-A)
		{6E861694-DCC2-45EC-993F-303A44EB72E6}.Release|TwinCAT OS (ARMV7-A).Build.0 = Release|TwinCAT OS (ARMV7-A)
		{6E861694-DCC2-45EC-993F-303A44EB72E6}.Release|TwinCAT OS (ARMV7-M).ActiveCfg = Release|TwinCAT OS (ARMV7-M)
		{6E861694-DCC2-45EC-993F-303A44EB72E6}.Release|TwinCAT OS (ARMV7-M).Build.0 = Release|TwinCAT OS (ARMV7-M)
		{6E861694-DCC2-45EC-993F-303A44EB72E6}.Release|TwinCAT OS (ARMV8-A).ActiveCfg = Release|TwinCAT OS (ARMV8-A)
		{6E861694-DCC2-45EC-993F-303A44EB72E6}.Release|TwinCAT OS (ARMV8-A).Build.0 = Release|TwinCAT OS (ARMV8-A)
		{6E861694-DCC2-45EC-993F-303A44EB72E6}.Release|TwinCAT OS (x64).ActiveCfg = Release|TwinCAT OS (x64)
		{6E861694-DCC2-45EC-993F-303A44EB72E6}.Release|TwinCAT OS (x64).Build.0 = Release|TwinCAT OS (x64)
		{6E861694-DCC2-45EC-993F-303A44EB72E6}.Release|TwinCAT OS (x64-E).ActiveCfg = Release|TwinCAT OS (x64-E)
		{6E861694-DCC2-45EC-993F-303A44EB72E6}.Release|TwinCAT OS (x64-E).Build.0 = Release|TwinCAT OS (x64-E)
		{6E861694-DCC2-45EC-993F-303A44EB72E6}.Release|TwinCAT RT (x64).ActiveCfg = Release|TwinCAT RT (x64)
		{6E861694-DCC2-45EC-993F-303A44EB72E6}.Release|TwinCAT RT (x64).Build.0 = Release|TwinCAT RT (x64)
		{6E861694-DCC2-45EC-993F-303A44EB72E6}.Release|TwinCAT RT (x86).ActiveCfg = Release|TwinCAT RT (x86)
		{6E861694-DCC2-45EC-993F-303A44EB72E6}.Release|TwinCAT RT (x86).Build.0 = Release|TwinCAT RT (x86)
		{9CBEF45D-6EE2-400A-840F-1391F08055AD}.Debug|TwinCAT OS (ARMV7-A).ActiveCfg = Debug|TwinCAT OS (ARMV7-A)
		{9CBEF45D-6EE2-400A-840F-1391F08055AD}.Debug|TwinCAT OS (ARMV7-A).Build.0 = Debug|TwinCAT OS (ARMV7-A)
		{9CBEF45D-6EE2-400A-840F-1391F08055AD}.Debug|TwinCAT OS (ARMV7-M).ActiveCfg = Debug|TwinCAT OS (ARMV7-M)
		{9CBEF45D-6EE2-400A-840F-1391F08055AD}.Debug|TwinCAT OS (ARMV7-M).Build.0 = Debug|TwinCAT OS (ARMV7-M)
		{9CBEF45D-6EE2-400A-840F-1391F08055AD}.Debug|TwinCAT OS (ARMV8-A).ActiveCfg = Debug|TwinCAT OS (ARMV8-A)
		{9CBEF45D-6EE2-400A-840F-1391F08055AD}.Debug|TwinCAT OS (ARMV8-A).Build.0 = Debug|TwinCAT OS (ARMV8-A)
		{9CBEF45D-6EE2-400A-840F-1391F08055AD}.Debug|TwinCAT OS (x64).ActiveCfg = Debug|TwinCAT OS (x64)
		{9CBEF45D-6EE2-400A-840F-1391F08055AD}.Debug|TwinCAT OS (x64).Build.0 = Debug|TwinCAT OS (x64)
		{9CBEF45D-6EE2-400A-840F-1391F08055AD}.Debug|TwinCAT OS (x64-E).ActiveCfg = Debug|TwinCAT OS (x64-E)
		{9CBEF45D-6EE2-400A-840F-1391F08055AD}.Debug|TwinCAT OS (x64-E).Build.0 = Debug|TwinCAT OS (x64-E)
		{9CBEF45D-6EE2-400A-840F-1391F08055AD}.Debug|TwinCAT RT (x64).ActiveCfg = Debug|TwinCAT RT (x64)
		{9CBEF45D-6EE2-400A-840F-1391F08055AD}.Debug|TwinCAT RT (x64).Build.0 = Debug|TwinCAT RT (x64)
		{9CBEF45D-6EE2-400A-840F-1391F08055AD}.Debug|TwinCAT RT (x86).ActiveCfg = Debug|TwinCAT RT (x86)
		{9CBEF45D-6EE2-400A-840F-1391F08055AD}.Debug|TwinCAT RT (x86).Build.0 = Debug|TwinCAT RT (x86)
		{9CBEF45D-6EE2-400A-840F-1391F08055AD}.Release|TwinCAT OS (ARMV7-A).ActiveCfg = Release|TwinCAT OS (ARMV7-A)
		{9CBEF45D-6EE2-400A-840F-1391F08055AD}.Release|TwinCAT OS (ARMV7-A).Build.0 = Release|TwinCAT OS (ARMV7-A)
		{9CBEF45D-6EE2-400A-840F-1391F08055AD}.Release|TwinCAT OS (ARMV7-M).ActiveCfg = Release|TwinCAT OS (ARMV7-M)
		{9CBEF45D-6EE2-400A-840F-1391F08055AD}.Release|TwinCAT OS (ARMV7-M).Build.0 = Release|TwinCAT OS (ARMV7-M)
		{9CBEF45D-6EE2-400A-840F-1391F08055AD}.Release|TwinCAT OS (ARMV8-A).ActiveCfg = Release|TwinCAT OS (ARMV8-A)
		{9CBEF45D-6EE2-400A-840F-1391F08055AD}.Release|TwinCAT OS (ARMV8-A).Build.0 = Release|TwinCAT OS (ARMV8-A)
		{9CBEF45D-6EE2-400A-840F-1391F08055AD}.Release|TwinCAT OS (x64).ActiveCfg = Release|TwinCAT OS (x64)
		{9CBEF45D-6EE2-400A-840F-1391F08055AD}.Release|TwinCAT OS (x64).Build.0 = Release|TwinCAT OS (x64)
		{9CBEF45D-6EE2-400A-840F-1391F08055AD}.Release|TwinCAT OS (x64-E).ActiveCfg = Release|TwinCAT OS (x64-E)
		{9CBEF45D-6EE2-400A-840F-1391F08055AD}.Release|TwinCAT OS (x64-E).Build.0 = Release|TwinCAT OS (x64-E)
		{9CBEF45D-6EE2-400A-840F-1391F08055AD}.Release|TwinCAT RT (x64).ActiveCfg = Release|TwinCAT RT (x64)
		{9CBEF45D-6EE2-400A-840F-1391F08055AD}.Release|TwinCAT RT (x64).Build.0 = Release|TwinCAT RT (x64)
		{9CBEF45D-6EE2-400A-840F-1391F08055AD}.Release|TwinCAT RT (x86).ActiveCfg = Release|TwinCAT RT (x86)
		{9CBEF45D-6EE2-400A-840F-1391F08055AD}.Release|TwinCAT RT (x86).Build.0 = Release|TwinCAT RT (x86)
		{02C7A374-2C40-441C-9077-68EBDE8D24D4}.Debug|TwinCAT OS (ARMV7-A).ActiveCfg = Debug|TwinCAT OS (ARMV7-A)
		{02C7A374-2C40-441C-9077-68EBDE8D24D4}.Debug|TwinCAT OS (ARMV7-A).Build.0 = Debug|TwinCAT OS (ARMV7-A)
		{02C7A374-2C40-441C-9077-68EBDE8D24D4}.Debug|TwinCAT OS (ARMV7-M).ActiveCfg = Debug|TwinCAT OS (ARMV7-M)
		{02C7A374-2C40-441C-9077-68EBDE8D24D4}.Debug|TwinCAT OS (ARMV7-M).Build.0 = Debug|TwinCAT OS (ARMV7-M)
		{02C7A374-2C40-441C-9077-68EBDE8D24D4}.Debug|TwinCAT OS (ARMV8-A).ActiveCfg = Debug|TwinCAT OS (ARMV8-A)
		{02C7A374-2C40-441C-9077-68EBDE8D24D4}.Debug|TwinCAT OS (ARMV8-A).Build.0 = Debug|TwinCAT OS (ARMV8-A)
		{02C7A374-2C40-441C-9077-68EBDE8D24D4}.Debug|TwinCAT OS (x64).ActiveCfg = Debug|TwinCAT OS (x64)
		{02C7A374-2C40-441C-9077-68EBDE8D24D4}.Debug|TwinCAT OS (x64).Build.0 = Debug|TwinCAT OS (x64)
		{02C7A374-2C40-441C-9077-68EBDE8D24D4}.Debug|TwinCAT OS (x64-E).ActiveCfg = Debug|TwinCAT OS (x64-E)
		{02C7A374-2C40-441C-9077-68EBDE8D24D4}.Debug|TwinCAT OS (x64-E).Build.0 = Debug|TwinCAT OS (x64-E)
		{02C7A374-2C40-441C-9077-68EBDE8D24D4}.Debug|TwinCAT RT (x64).ActiveCfg = Debug|TwinCAT RT (x64)
		{02C7A374-2C40-441C-9077-68EBDE8D24D4}.Debug|TwinCAT RT (x64).Build.0 = Debug|TwinCAT RT (x64)
		{02C7A374-2C40-441C-9077-68EBDE8D24D4}.Debug|TwinCAT RT (x86).ActiveCfg = Debug|TwinCAT RT (x86)
		{02C7A374-2C40-441C-9077-68EBDE8D24D4}.Debug|TwinCAT RT (x86).Build.0 = Debug|TwinCAT RT (x86)
		{02C7A374-2C40-441C-9077-68EBDE8D24D4}.Release|TwinCAT OS (ARMV7-A).ActiveCfg = Release|TwinCAT OS (ARMV7-A)
		{02C7A374-2C40-441C-9077-68EBDE8D24D4}.Release|TwinCAT OS (ARMV7-A).Build.0 = Release|TwinCAT OS (ARMV7-A)
		{02C7A374-2C40-441C-9077-68EBDE8D24D4}.Release|TwinCAT OS (ARMV7-M).ActiveCfg = Release|TwinCAT OS (ARMV7-M)
		{02C7A374-2C40-441C-9077-68EBDE8D24D4}.Release|TwinCAT OS (ARMV7-M).Build.0 = Release|TwinCAT OS (ARMV7-M)
		{02C7A374-2C40-441C-9077-68EBDE8D24D4}.Release|TwinCAT OS (ARMV8-A).ActiveCfg = Release|TwinCAT OS (ARMV8-A)
		{02C7A374-2C40-441C-9077-68EBDE8D24D4}.Release|TwinCAT OS (ARMV8-A).Build.0 = Release|TwinCAT OS (ARMV8-A)
		{02C7A374-2C40-441C-9077-68EBDE8D24D4}.Release|TwinCAT OS (x64).ActiveCfg = Release|TwinCAT OS (x64)
		{02C7A374-2C40-441C-9077-68EBDE8D24D4}.Release|TwinCAT OS (x64).Build.0 = Release|TwinCAT OS (x64)
		{02C7A374-2C40-441C-9077-68EBDE8D24D4}.Release|TwinCAT OS (x64-E).ActiveCfg = Release|TwinCAT OS (x64-E)
		{02C7A374-2C40-441C-9077-68EBDE8D24D4}.Release|TwinCAT OS (x64-E).Build.0 = Release|TwinCAT OS (x64-E)
		{02C7A374-2C40-441C-9077-68EBDE8D24D4}.Release|TwinCAT RT (x64).ActiveCfg = Release|TwinCAT RT (x64)
		{02C7A374-2C40-441C-9077-68EBDE8D24D4}.Release|TwinCAT RT (x64).Build.0 = Release|TwinCAT RT (x64)
		{02C7A374-2C40-441C-9077-68EBDE8D24D4}.Release|TwinCAT RT (x86).ActiveCfg = Release|TwinCAT RT (x86)
		{02C7A374-2C40-441C-9077-68EBDE8D24D4}.Release|TwinCAT RT (x86).Build.0 = Release|TwinCAT RT (x86)
		{03FC1E19-0C5C-43EE-912E-A4074519F4CB}.Debug|TwinCAT OS (ARMV7-A).ActiveCfg = Debug|TwinCAT OS (ARMV7-A)
		{03FC1E19-0C5C-43EE-912E-A4074519F4CB}.Debug|TwinCAT OS (ARMV7-A).Build.0 = Debug|TwinCAT OS (ARMV7-A)
		{03FC1E19-0C5C-43EE-912E-A4074519F4CB}.Debug|TwinCAT OS (ARMV7-M).ActiveCfg = Debug|TwinCAT OS (ARMV7-M)
		{03FC1E19-0C5C-43EE-912E-A4074519F4CB}.Debug|TwinCAT OS (ARMV7-M).Build.0 = Debug|TwinCAT OS (ARMV7-M)
		{03FC1E19-0C5C-43EE-912E-A4074519F4CB}.Debug|TwinCAT OS (ARMV8-A).ActiveCfg = Debug|TwinCAT OS (ARMV8-A)
		{03FC1E19-0C5C-43EE-912E-A4074519F4CB}.Debug|TwinCAT OS (ARMV8-A).Build.0 = Debug|TwinCAT OS (ARMV8-A)
		{03FC1E19-0C5C-43EE-912E-A4074519F4CB}.Debug|TwinCAT OS (x64).ActiveCfg = Debug|TwinCAT OS (x64)
		{03FC1E19-0C5C-43EE-912E-A4074519F4CB}.Debug|TwinCAT OS (x64).Build.0 = Debug|TwinCAT OS (x64)
		{03FC1E19-0C5C-43EE-912E-A4074519F4CB}.Debug|TwinCAT OS (x64-E).ActiveCfg = Debug|TwinCAT OS (x64-E)
		{03FC1E19-0C5C-43EE-912E-A4074519F4CB}.Debug|TwinCAT OS (x64-E).Build.0 = Debug|TwinCAT OS (x64-E)
		{03FC1E19-0C5C-43EE-912E-A4074519F4CB}.Debug|TwinCAT RT (x64).ActiveCfg = Debug|TwinCAT RT (x64)
		{03FC1E19-0C5C-43EE-912E-A4074519F4CB}.Debug|TwinCAT RT (x64).Build.0 = Debug|TwinCAT RT (x64)
		{03FC1E19-0C5C-43EE-912E-A4074519F4CB}.Debug|TwinCAT RT (x86).ActiveCfg = Debug|TwinCAT RT (x86)
		{03FC1E19-0C5C-43EE-912E-A4074519F4CB}.Debug|TwinCAT RT (x86).Build.0 = Debug|TwinCAT RT (x86)
		{03FC1E19-0C5C-43EE-912E-A4074519F4CB}.Release|TwinCAT OS (ARMV7-A).ActiveCfg = Release|TwinCAT OS (ARMV7-A)
		{03FC1E19-0C5C-43EE-912E-A4074519F4CB}.Release|TwinCAT OS (ARMV7-A).Build.0 = Release|TwinCAT OS (ARMV7-A)
		{03FC1E19-0C5C-43EE-912E-A4074519F4CB}.Release|TwinCAT OS (ARMV7-M).ActiveCfg = Release|TwinCAT OS (ARMV7-M)
		{03FC1E19-0C5C-43EE-912E-A4074519F4CB}.Release|TwinCAT OS (ARMV7-M).Build.0 = Release|TwinCAT OS (ARMV7-M)
		{03FC1E19-0C5C-43EE-912E-A4074519F4CB}.Release|TwinCAT OS (ARMV8-A).ActiveCfg = Release|TwinCAT OS (ARMV8-A)
		{03FC1E19-0C5C-43EE-912E-A4074519F4CB}.Release|TwinCAT OS (ARMV8-A).Build.0 = Release|TwinCAT OS (ARMV8-A)
		{03FC1E19-0C5C-43EE-912E-A4074519F4CB}.Release|TwinCAT OS (x64).ActiveCfg = Release|TwinCAT OS (x64)
		{03FC1E19-0C5C-43EE-912E-A4074519F4CB}.Release|TwinCAT OS (x64).Build.0 = Release|TwinCAT OS (x64)
		{03FC1E19-0C5C-43EE-912E-A4074519F4CB}.Release|TwinCAT OS (x64-E).ActiveCfg = Release|TwinCAT OS (x64-E)
		{03FC1E19-0C5C-43EE-912E-A4074519F4CB}.Release|TwinCAT OS (x64-E).Build.0 = Release|TwinCAT OS (x64-E)
		{03FC1E19-0C5C-43EE-912E-A4074519F4CB}.Release|TwinCAT RT (x64).ActiveCfg = Release|TwinCAT RT (x64)
		{03FC1E19-0C5C-43EE-912E-A4074519F4CB}.Release|TwinCAT RT (x64).Build.0 = Release|TwinCAT RT (x64)
		{03FC1E19-0C5C-43EE-912E-A4074519F4CB}.Release|TwinCAT RT (x86).ActiveCfg = Release|TwinCAT RT (x86)
		{03FC1E19-0C5C-43EE-912E-A4074519F4CB}.Release|TwinCAT RT (x86).Build.0 = Release|TwinCAT RT (x86)
		{D9D5D492-1CA1-4FC7-8385-344C7D464D81}.Debug|TwinCAT OS (ARMV7-A).ActiveCfg = Debug|TwinCAT OS (ARMV7-A)
		{D9D5D492-1CA1-4FC7-8385-344C7D464D81}.Debug|TwinCAT OS (ARMV7-A).Build.0 = Debug|TwinCAT OS (ARMV7-A)
		{D9D5D492-1CA1-4FC7-8385-344C7D464D81}.Debug|TwinCAT OS (ARMV7-M).ActiveCfg = Debug|TwinCAT OS (ARMV7-M)
		{D9D5D492-1CA1-4FC7-8385-344C7D464D81}.Debug|TwinCAT OS (ARMV7-M).Build.0 = Debug|TwinCAT OS (ARMV7-M)
		{D9D5D492-1CA1-4FC7-8385-344C7D464D81}.Debug|TwinCAT OS (ARMV8-A).ActiveCfg = Debug|TwinCAT OS (ARMV8-A)
		{D9D5D492-1CA1-4FC7-8385-344C7D464D81}.Debug|TwinCAT OS (ARMV8-A).Build.0 = Debug|TwinCAT OS (ARMV8-A)
		{D9D5D492-1CA1-4FC7-8385-344C7D464D81}.Debug|TwinCAT OS (x64).ActiveCfg = Debug|TwinCAT OS (x64)
		{D9D5D492-1CA1-4FC7-8385-344C7D464D81}.Debug|TwinCAT OS (x64).Build.0 = Debug|TwinCAT OS (x64)
		{D9D5D492-1CA1-4FC7-8385-344C7D464D81}.Debug|TwinCAT OS (x64-E).ActiveCfg = Debug|TwinCAT OS (x64-E)
		{D9D5D492-1CA1-4FC7-8385-344C7D464D81}.Debug|TwinCAT OS (x64-E).Build.0 = Debug|TwinCAT OS (x64-E)
		{D9D5D492-1CA1-4FC7-8385-344C7D464D81}.Debug|TwinCAT RT (x64).ActiveCfg = Debug|TwinCAT RT (x64)
		{D9D5D492-1CA1-4FC7-8385-344C7D464D81}.Debug|TwinCAT RT (x64).Build.0 = Debug|TwinCAT RT (x64)
		{D9D5D492-1CA1-4FC7-8385-344C7D464D81}.Debug|TwinCAT RT (x86).ActiveCfg = Debug|TwinCAT RT (x86)
		{D9D5D492-1CA1-4FC7-8385-344C7D464D81}.Debug|TwinCAT RT (x86).Build.0 = Debug|TwinCAT RT (x86)
		{D9D5D492-1CA1-4FC7-8385-344C7D464D81}.Release|TwinCAT OS (ARMV7-A).ActiveCfg = Release|TwinCAT OS (ARMV7-A)
		{D9D5D492-1CA1-4FC7-8385-344C7D464D81}.Release|TwinCAT OS (ARMV7-A).Build.0 = Release|TwinCAT OS (ARMV7-A)
		{D9D5D492-1CA1-4FC7-8385-344C7D464D81}.Release|TwinCAT OS (ARMV7-M).ActiveCfg = Release|TwinCAT OS (ARMV7-M)
		{D9D5D492-1CA1-4FC7-8385-344C7D464D81}.Release|TwinCAT OS (ARMV7-M).Build.0 = Release|TwinCAT OS (ARMV7-M)
		{D9D5D492-1CA1-4FC7-8385-344C7D464D81}.Release|TwinCAT OS (ARMV8-A).ActiveCfg = Release|TwinCAT OS (ARMV8-A)
		{D9D5D492-1CA1-4FC7-8385-344C7D464D81}.Release|TwinCAT OS (ARMV8-A).Build.0 = Release|TwinCAT OS (ARMV8-A)
		{D9D5D492-1CA1-4FC7-8385-344C7D464D81}.Release|TwinCAT OS (x64).ActiveCfg = Release|TwinCAT OS (x64)
		{D9D5D492-1CA1-4FC7-8385-344C7D464D81}.Release|TwinCAT OS (x64).Build.0 = Release|TwinCAT OS (x64)
		{D9D5D492-1CA1-4FC7-8385-344C7D464D81}.Release|TwinCAT OS (x64-E).ActiveCfg = Release|TwinCAT OS (x64-E)
		{D9D5D492-1CA1-4FC7-8385-344C7D464D81}.Release|TwinCAT OS (x64-E).Build.0 = Release|TwinCAT OS (x64-E)
		{D9D5D492-1CA1-4FC7-8385-344C7D464D81}.Release|TwinCAT RT (x64).ActiveCfg = Release|TwinCAT RT (x64)
		{D9D5D492-1CA1-4FC7-8385-344C7D464D81}.Release|TwinCAT RT (x64).Build.0 = Release|TwinCAT RT (x64)
		{D9D5D492-1CA1-4FC7-8385-344C7D464D81}.Release|TwinCAT RT (x86).ActiveCfg = Release|TwinCAT RT (x86)
		{D9D5D492-1CA1-4FC7-8385-344C7D464D81}.Release|TwinCAT RT (x86).Build.0 = Release|TwinCAT RT (x86)
		{85CD6551-D720-45BA-A19B-6019A79E11C9}.Debug|TwinCAT OS (ARMV7-A).ActiveCfg = Debug|TwinCAT OS (ARMV7-A)
		{85CD6551-D720-45BA-A19B-6019A79E11C9}.Debug|TwinCAT OS (ARMV7-A).Build.0 = Debug|TwinCAT OS (ARMV7-A)
		{85CD6551-D720-45BA-A19B-6019A79E11C9}.Debug|TwinCAT OS (ARMV7-M).ActiveCfg = Debug|TwinCAT OS (ARMV7-M)
		{85CD6551-D720-45BA-A19B-6019A79E11C9}.Debug|TwinCAT OS (ARMV7-M).Build.0 = Debug|TwinCAT OS (ARMV7-M)
		{85CD6551-D720-45BA-A19B-6019A79E11C9}.Debug|TwinCAT OS (ARMV8-A).ActiveCfg = Debug|TwinCAT OS (ARMV8-A)
		{85CD6551-D720-45BA-A19B-6019A79E11C9}.Debug|TwinCAT OS (ARMV8-A).Build.0 = Debug|TwinCAT OS (ARMV8-A)
		{85CD6551-D720-45BA-A19B-6019A79E11C9}.Debug|TwinCAT OS (x64).ActiveCfg = Debug|TwinCAT OS (x64)
		{85CD6551-D720-45BA-A19B-6019A79E11C9}.Debug|TwinCAT OS (x64).Build.0 = Debug|TwinCAT OS (x64)
		{85CD6551-D720-45BA-A19B-6019A79E11C9}.Debug|TwinCAT OS (x64-E).ActiveCfg = Debug|TwinCAT OS (x64-E)
		{85CD6551-D720-45BA-A19B-6019A79E11C9}.Debug|TwinCAT OS (x64-E).Build.0 = Debug|TwinCAT OS (x64-E)
		{85CD6551-D720-45BA-A19B-6019A79E11C9}.Debug|TwinCAT RT (x64).ActiveCfg = Debug|TwinCAT RT (x64)
		{85CD6551-D720-45BA-A19B-6019A79E11C9}.Debug|TwinCAT RT (x64).Build.0 = Debug|TwinCAT RT (x64)
		{85CD6551-D720-45BA-A19B-6019A79E11C9}.Debug|TwinCAT RT (x86).ActiveCfg = Debug|TwinCAT RT (x86)
		{85CD6551-D720-45BA-A19B-6019A79E11C9}.Debug|TwinCAT RT (x86).Build.0 = Debug|TwinCAT RT (x86)
		{85CD6551-D720-45BA-A19B-6019A79E11C9}.Release|TwinCAT OS (ARMV7-A).ActiveCfg = Release|TwinCAT OS (ARMV7-A)
		{85CD6551-D720-45BA-A19B-6019A79E11C9}.Release|TwinCAT OS (ARMV7-A).Build.0 = Release|TwinCAT OS (ARMV7-A)
		{85CD6551-D720-45BA-A19B-6019A79E11C9}.Release|TwinCAT OS (ARMV7-M).ActiveCfg = Release|TwinCAT OS (ARMV7-M)
		{85CD6551-D720-45BA-A19B-6019A79E11C9}.Release|TwinCAT OS (ARMV7-M).Build.0 = Release|TwinCAT OS (ARMV7-M)
		{85CD6551-D720-45BA-A19B-6019A79E11C9}.Release|TwinCAT OS (ARMV8-A).ActiveCfg = Release|TwinCAT OS (ARMV8-A)
		{85CD6551-D720-45BA-A19B-6019A79E11C9}.Release|TwinCAT OS (ARMV8-A).Build.0 = Release|TwinCAT OS (ARMV8-A)
		{85CD6551-D720-45BA-A19B-6019A79E11C9}.Release|TwinCAT OS (x64).ActiveCfg = Release|TwinCAT OS (x64)
		{85CD6551-D720-45BA-A19B-6019A79E11C9}.Release|TwinCAT OS (x64).Build.0 = Release|TwinCAT OS (x64)
		{85CD6551-D720-45BA-A19B-6019A79E11C9}.Release|TwinCAT OS (x64-E).ActiveCfg = Release|TwinCAT OS (x64-E)
		{85CD6551-D720-45BA-A19B-6019A79E11C9}.Release|TwinCAT OS (x64-E).Build.0 = Release|TwinCAT OS (x64-E)
		{85CD6551-D720-45BA-A19B-6019A79E11C9}.Release|TwinCAT RT (x64).ActiveCfg = Release|TwinCAT RT (x64)
		{85CD6551-D720-45BA-A19B-6019A79E11C9}.Release|TwinCAT RT (x64).Build.0 = Release|TwinCAT RT (x64)
		{85CD6551-D720-45BA-A19B-6019A79E11C9}.Release|TwinCAT RT (x86).ActiveCfg = Release|TwinCAT RT (x86)
		{85CD6551-D720-45BA-A19B-6019A79E11C9}.Release|TwinCAT RT (x86).Build.0 = Release|TwinCAT RT (x86)
		{C165D6D9-2037-4C45-B70C-B6561D67606D}.Debug|TwinCAT OS (ARMV7-A).ActiveCfg = Debug|TwinCAT OS (ARMV7-A)
		{C165D6D9-2037-4C45-B70C-B6561D67606D}.Debug|TwinCAT OS (ARMV7-A).Build.0 = Debug|TwinCAT OS (ARMV7-A)
		{C165D6D9-2037-4C45-B70C-B6561D67606D}.Debug|TwinCAT OS (ARMV7-M).ActiveCfg = Debug|TwinCAT OS (ARMV7-M)
		{C165D6D9-2037-4C45-B70C-B6561D67606D}.Debug|TwinCAT OS (ARMV7-M).Build.0 = Debug|TwinCAT OS (ARMV7-M)
		{C165D6D9-2037-4C45-B70C-B6561D67606D}.Debug|TwinCAT OS (ARMV8-A).ActiveCfg = Debug|TwinCAT OS (ARMV8-A)
		{C165D6D9-2037-4C45-B70C-B6561D67606D}.Debug|TwinCAT OS (ARMV8-A).Build.0 = Debug|TwinCAT OS (ARMV8-A)
		{C165D6D9-2037-4C45-B70C-B6561D67606D}.Debug|TwinCAT OS (x64).ActiveCfg = Debug|TwinCAT OS (x64)
		{C165D6D9-2037-4C45-B70C-B6561D67606D}.Debug|TwinCAT OS (x64).Build.0 = Debug|TwinCAT OS (x64)
		{C165D6D9-2037-4C45-B70C-B6561D67606D}.Debug|TwinCAT OS (x64-E).ActiveCfg = Debug|TwinCAT OS (x64-E)
		{C165D6D9-2037-4C45-B70C-B6561D67606D}.Debug|TwinCAT OS (x64-E).Build.0 = Debug|TwinCAT OS (x64-E)
		{C165D6D9-2037-4C45-B70C-B6561D67606D}.Debug|TwinCAT RT (x64).ActiveCfg = Debug|TwinCAT RT (x64)
		{C165D6D9-2037-4C45-B70C-B6561D67606D}.Debug|TwinCAT RT (x64).Build.0 = Debug|TwinCAT RT (x64)
		{C165D6D9-2037-4C45-B70C-B6561D67606D}.Debug|TwinCAT RT (x86).ActiveCfg = Debug|TwinCAT RT (x86)
		{C165D6D9-2037-4C45-B70C-B6561D67606D}.Debug|TwinCAT RT (x86).Build.0 = Debug|TwinCAT RT (x86)
		{C165D6D9-2037-4C45-B70C-B6561D67606D}.Release|TwinCAT OS (ARMV7-A).ActiveCfg = Release|TwinCAT OS (ARMV7-A)
		{C165D6D9-2037-4C45-B70C-B6561D67606D}.Release|TwinCAT OS (ARMV7-A).Build.0 = Release|TwinCAT OS (ARMV7-A)
		{C165D6D9-2037-4C45-B70C-B6561D67606D}.Release|TwinCAT OS (ARMV7-M).ActiveCfg = Release|TwinCAT OS (ARMV7-M)
		{C165D6D9-2037-4C45-B70C-B6561D67606D}.Release|TwinCAT OS (ARMV7-M).Build.0 = Release|TwinCAT OS (ARMV7-M)
		{C165D6D9-2037-4C45-B70C-B6561D67606D}.Release|TwinCAT OS (ARMV8-A).ActiveCfg = Release|TwinCAT OS (ARMV8-A)
		{C165D6D9-2037-4C45-B70C-B6561D67606D}.Release|TwinCAT OS (ARMV8-A).Build.0 = Release|TwinCAT OS (ARMV8-A)
		{C165D6D9-2037-4C45-B70C-B6561D67606D}.Release|TwinCAT OS (x64).ActiveCfg = Release|TwinCAT OS (x64)
		{C165D6D9-2037-4C45-B70C-B6561D67606D}.Release|TwinCAT OS (x64).Build.0 = Release|TwinCAT OS (x64)
		{C165D6D9-2037-4C45-B70C-B6561D67606D}.Release|TwinCAT OS (x64-E).ActiveCfg = Release|TwinCAT OS (x64-E)
		{C165D6D9-2037-4C45-B70C-B6561D67606D}.Release|TwinCAT OS (x64-E).Build.0 = Release|TwinCAT OS (x64-E)
		{C165D6D9-2037-4C45-B70C-B6561D67606D}.Release|TwinCAT RT (x64).ActiveCfg = Release|TwinCAT RT (x64)
		{C165D6D9-2037-4C45-B70C-B6561D67606D}.Release|TwinCAT RT (x64).Build.0 = Release|TwinCAT RT (x64)
		{C165D6D9-2037-4C45-B70C-B6561D67606D}.Release|TwinCAT RT (x86).ActiveCfg = Release|TwinCAT RT (x86)
		{C165D6D9-2037-4C45-B70C-B6561D67606D}.Release|TwinCAT RT (x86).Build.0 = Release|TwinCAT RT (x86)
		{FC4C4A46-BBBE-4156-A13B-A37C46CDF94A}.Debug|TwinCAT OS (ARMV7-A).ActiveCfg = Debug|TwinCAT OS (ARMV7-A)
		{FC4C4A46-BBBE-4156-A13B-A37C46CDF94A}.Debug|TwinCAT OS (ARMV7-A).Build.0 = Debug|TwinCAT OS (ARMV7-A)
		{FC4C4A46-BBBE-4156-A13B-A37C46CDF94A}.Debug|TwinCAT OS (ARMV7-M).ActiveCfg = Debug|TwinCAT OS (ARMV7-M)
		{FC4C4A46-BBBE-4156-A13B-A37C46CDF94A}.Debug|TwinCAT OS (ARMV7-M).Build.0 = Debug|TwinCAT OS (ARMV7-M)
		{FC4C4A46-BBBE-4156-A13B-A37C46CDF94A}.Debug|TwinCAT OS (ARMV8-A).ActiveCfg = Debug|TwinCAT OS (ARMV8-A)
		{FC4C4A46-BBBE-4156-A13B-A37C46CDF94A}.Debug|TwinCAT OS (ARMV8-A).Build.0 = Debug|TwinCAT OS (ARMV8-A)
		{FC4C4A46-BBBE-4156-A13B-A37C46CDF94A}.Debug|TwinCAT OS (x64).ActiveCfg = Debug|TwinCAT OS (x64)
		{FC4C4A46-BBBE-4156-A13B-A37C46CDF94A}.Debug|TwinCAT OS (x64).Build.0 = Debug|TwinCAT OS (x64)
		{FC4C4A46-BBBE-4156-A13B-A37C46CDF94A}.Debug|TwinCAT OS (x64-E).ActiveCfg = Debug|TwinCAT OS (x64-E)
		{FC4C4A46-BBBE-4156-A13B-A37C46CDF94A}.Debug|TwinCAT OS (x64-E).Build.0 = Debug|TwinCAT OS (x64-E)
		{FC4C4A46-BBBE-4156-A13B-A37C46CDF94A}.Debug|TwinCAT RT (x64).ActiveCfg = Debug|TwinCAT RT (x64)
		{FC4C4A46-BBBE-4156-A13B-A37C46CDF94A}.Debug|TwinCAT RT (x64).Build.0 = Debug|TwinCAT RT (x64)
		{FC4C4A46-BBBE-4156-A13B-A37C46CDF94A}.Debug|TwinCAT RT (x86).ActiveCfg = Debug|TwinCAT RT (x86)
		{FC4C4A46-BBBE-4156-A13B-A37C46CDF94A}.Debug|TwinCAT RT (x86).Build.0 = Debug|TwinCAT RT (x86)
		{FC4C4A46-BBBE-4156-A13B-A37C46CDF94A}.Release|TwinCAT OS (ARMV7-A).ActiveCfg = Release|TwinCAT OS (ARMV7-A)
		{FC4C4A46-BBBE-4156-A13B-A37C46CDF94A}.Release|TwinCAT OS (ARMV7-A).Build.0 = Release|TwinCAT OS (ARMV7-A)
		{FC4C4A46-BBBE-4156-A13B-A37C46CDF94A}.Release|TwinCAT OS (ARMV7-M).ActiveCfg = Release|TwinCAT OS (ARMV7-M)
		{FC4C4A46-BBBE-4156-A13B-A37C46CDF94A}.Release|TwinCAT OS (ARMV7-M).Build.0 = Release|TwinCAT OS (ARMV7-M)
		{FC4C4A46-BBBE-4156-A13B-A37C46CDF94A}.Release|TwinCAT OS (ARMV8-A).ActiveCfg = Release|TwinCAT OS (ARMV8-A)
		{FC4C4A46-BBBE-4156-A13B-A37C46CDF94A}.Release|TwinCAT OS (ARMV8-A).Build.0 = Release|TwinCAT OS (ARMV8-A)
		{FC4C4A46-BBBE-4156-A13B-A37C46CDF94A}.Release|TwinCAT OS (x64).ActiveCfg = Release|TwinCAT OS (x64)
		{FC4C4A46-BBBE-4156-A13B-A37C46CDF94A}.Release|TwinCAT OS (x64).Build.0 = Release|TwinCAT OS (x64)
		{FC4C4A46-BBBE-4156-A13B-A37C46CDF94A}.Release|TwinCAT OS (x64-E).ActiveCfg = Release|TwinCAT OS (x64-E)
		{FC4C4A46-BBBE-4156-A13B-A37C46CDF94A}.Release|TwinCAT OS (x64-E).Build.0 = Release|TwinCAT OS (x64-E)
		{FC4C4A46-BBBE-4156-A13B-A37C46CDF94A}.Release|TwinCAT RT (x64).ActiveCfg = Release|TwinCAT RT (x64)
		{FC4C4A46-BBBE-4156-A13B-A37C46CDF94A}.Release|TwinCAT RT (x64).Build.0 = Release|TwinCAT RT (x64)
		{FC4C4A46-BBBE-4156-A13B-A37C46CDF94A}.Release|TwinCAT RT (x86).ActiveCfg = Release|TwinCAT RT (x86)
		{FC4C4A46-BBBE-4156-A13B-A37C46CDF94A}.Release|TwinCAT RT (x86).Build.0 = Release|TwinCAT RT (x86)
		{9DE07A25-8465-4E0B-BEE2-F8EFA19EFAB4}.Debug|TwinCAT OS (ARMV7-A).ActiveCfg = Debug|TwinCAT OS (ARMV7-A)
		{9DE07A25-8465-4E0B-BEE2-F8EFA19EFAB4}.Debug|TwinCAT OS (ARMV7-A).Build.0 = Debug|TwinCAT OS (ARMV7-A)
		{9DE07A25-8465-4E0B-BEE2-F8EFA19EFAB4}.Debug|TwinCAT OS (ARMV7-M).ActiveCfg = Debug|TwinCAT OS (ARMV7-M)
		{9DE07A25-8465-4E0B-BEE2-F8EFA19EFAB4}.Debug|TwinCAT OS (ARMV7-M).Build.0 = Debug|TwinCAT OS (ARMV7-M)
		{9DE07A25-8465-4E0B-BEE2-F8EFA19EFAB4}.Debug|TwinCAT OS (ARMV8-A).ActiveCfg = Debug|TwinCAT OS (ARMV8-A)
		{9DE07A25-8465-4E0B-BEE2-F8EFA19EFAB4}.Debug|TwinCAT OS (ARMV8-A).Build.0 = Debug|TwinCAT OS (ARMV8-A)
		{9DE07A25-8465-4E0B-BEE2-F8EFA19EFAB4}.Debug|TwinCAT OS (x64).ActiveCfg = Debug|TwinCAT OS (x64)
		{9DE07A25-8465-4E0B-BEE2-F8EFA19EFAB4}.Debug|TwinCAT OS (x64).Build.0 = Debug|TwinCAT OS (x64)
		{9DE07A25-8465-4E0B-BEE2-F8EFA19EFAB4}.Debug|TwinCAT OS (x64-E).ActiveCfg = Debug|TwinCAT OS (x64-E)
		{9DE07A25-8465-4E0B-BEE2-F8EFA19EFAB4}.Debug|TwinCAT OS (x64-E).Build.0 = Debug|TwinCAT OS (x64-E)
		{9DE07A25-8465-4E0B-BEE2-F8EFA19EFAB4}.Debug|TwinCAT RT (x64).ActiveCfg = Debug|TwinCAT RT (x64)
		{9DE07A25-8465-4E0B-BEE2-F8EFA19EFAB4}.Debug|TwinCAT RT (x64).Build.0 = Debug|TwinCAT RT (x64)
		{9DE07A25-8465-4E0B-BEE2-F8EFA19EFAB4}.Debug|TwinCAT RT (x86).ActiveCfg = Debug|TwinCAT RT (x86)
		{9DE07A25-8465-4E0B-BEE2-F8EFA19EFAB4}.Debug|TwinCAT RT (x86).Build.0 = Debug|TwinCAT RT (x86)
		{9DE07A25-8465-4E0B-BEE2-F8EFA19EFAB4}.Release|TwinCAT OS (ARMV7-A).ActiveCfg = Release|TwinCAT OS (ARMV7-A)
		{9DE07A25-8465-4E0B-BEE2-F8EFA19EFAB4}.Release|TwinCAT OS (ARMV7-A).Build.0 = Release|TwinCAT OS (ARMV7-A)
		{9DE07A25-8465-4E0B-BEE2-F8EFA19EFAB4}.Release|TwinCAT OS (ARMV7-M).ActiveCfg = Release|TwinCAT OS (ARMV7-M)
		{9DE07A25-8465-4E0B-BEE2-F8EFA19EFAB4}.Release|TwinCAT OS (ARMV7-M).Build.0 = Release|TwinCAT OS (ARMV7-M)
		{9DE07A25-8465-4E0B-BEE2-F8EFA19EFAB4}.Release|TwinCAT OS (ARMV8-A).ActiveCfg = Release|TwinCAT OS (ARMV8-A)
		{9DE07A25-8465-4E0B-BEE2-F8EFA19EFAB4}.Release|TwinCAT OS (ARMV8-A).Build.0 = Release|TwinCAT OS (ARMV8-A)
		{9DE07A25-8465-4E0B-BEE2-F8EFA19EFAB4}.Release|TwinCAT OS (x64).ActiveCfg = Release|TwinCAT OS (x64)
		{9DE07A25-8465-4E0B-BEE2-F8EFA19EFAB4}.Release|TwinCAT OS (x64).Build.0 = Release|TwinCAT OS (x64)
		{9DE07A25-8465-4E0B-BEE2-F8EFA19EFAB4}.Release|TwinCAT OS (x64-E).ActiveCfg = Release|TwinCAT OS (x64-E)
		{9DE07A25-8465-4E0B-BEE2-F8EFA19EFAB4}.Release|TwinCAT OS (x64-E).Build.0 = Release|TwinCAT OS (x64-E)
		{9DE07A25-8465-4E0B-BEE2-F8EFA19EFAB4}.Release|TwinCAT RT (x64).ActiveCfg = Release|TwinCAT RT (x64)
		{9DE07A25-8465-4E0B-BEE2-F8EFA19EFAB4}.Release|TwinCAT RT (x64).Build.0 = Release|TwinCAT RT (x64)
		{9DE07A25-8465-4E0B-BEE2-F8EFA19EFAB4}.Release|TwinCAT RT (x86).ActiveCfg = Release|TwinCAT RT (x86)
		{9DE07A25-8465-4E0B-BEE2-F8EFA19EFAB4}.Release|TwinCAT RT (x86).Build.0 = Release|TwinCAT RT (x86)
		{D4780FAF-E408-4C28-88B7-E59800A4638B}.Debug|TwinCAT OS (ARMV7-A).ActiveCfg = Debug|TwinCAT OS (ARMV7-A)
		{D4780FAF-E408-4C28-88B7-E59800A4638B}.Debug|TwinCAT OS (ARMV7-A).Build.0 = Debug|TwinCAT OS (ARMV7-A)
		{D4780FAF-E408-4C28-88B7-E59800A4638B}.Debug|TwinCAT OS (ARMV7-M).ActiveCfg = Debug|TwinCAT OS (ARMV7-M)
		{D4780FAF-E408-4C28-88B7-E59800A4638B}.Debug|TwinCAT OS (ARMV7-M).Build.0 = Debug|TwinCAT OS (ARMV7-M)
		{D4780FAF-E408-4C28-88B7-E59800A4638B}.Debug|TwinCAT OS (ARMV8-A).ActiveCfg = Debug|TwinCAT OS (ARMV8-A)
		{D4780FAF-E408-4C28-88B7-E59800A4638B}.Debug|TwinCAT OS (ARMV8-A).Build.0 = Debug|TwinCAT OS (ARMV8-A)
		{D4780FAF-E408-4C28-88B7-E59800A4638B}.Debug|TwinCAT OS (x64).ActiveCfg = Debug|TwinCAT OS (x64)
		{D4780FAF-E408-4C28-88B7-E59800A4638B}.Debug|TwinCAT OS (x64).Build.0 = Debug|TwinCAT OS (x64)
		{D4780FAF-E408-4C28-88B7-E59800A4638B}.Debug|TwinCAT OS (x64-E).ActiveCfg = Debug|TwinCAT OS (x64-E)
		{D4780FAF-E408-4C28-88B7-E59800A4638B}.Debug|TwinCAT OS (x64-E).Build.0 = Debug|TwinCAT OS (x64-E)
		{D4780FAF-E408-4C28-88B7-E59800A4638B}.Debug|TwinCAT RT (x64).ActiveCfg = Debug|TwinCAT RT (x64)
		{D4780FAF-E408-4C28-88B7-E59800A4638B}.Debug|TwinCAT RT (x64).Build.0 = Debug|TwinCAT RT (x64)
		{D4780FAF-E408-4C28-88B7-E59800A4638B}.Debug|TwinCAT RT (x86).ActiveCfg = Debug|TwinCAT RT (x86)
		{D4780FAF-E408-4C28-88B7-E59800A4638B}.Debug|TwinCAT RT (x86).Build.0 = Debug|TwinCAT RT (x86)
		{D4780FAF-E408-4C28-88B7-E59800A4638B}.Release|TwinCAT OS (ARMV7-A).ActiveCfg = Release|TwinCAT OS (ARMV7-A)
		{D4780FAF-E408-4C28-88B7-E59800A4638B}.Release|TwinCAT OS (ARMV7-A).Build.0 = Release|TwinCAT OS (ARMV7-A)
		{D4780FAF-E408-4C28-88B7-E59800A4638B}.Release|TwinCAT OS (ARMV7-M).ActiveCfg = Release|TwinCAT OS (ARMV7-M)
		{D4780FAF-E408-4C28-88B7-E59800A4638B}.Release|TwinCAT OS (ARMV7-M).Build.0 = Release|TwinCAT OS (ARMV7-M)
		{D4780FAF-E408-4C28-88B7-E59800A4638B}.Release|TwinCAT OS (ARMV8-A).ActiveCfg = Release|TwinCAT OS (ARMV8-A)
		{D4780FAF-E408-4C28-88B7-E59800A4638B}.Release|TwinCAT OS (ARMV8-A).Build.0 = Release|TwinCAT OS (ARMV8-A)
		{D4780FAF-E408-4C28-88B7-E59800A4638B}.Release|TwinCAT OS (x64).ActiveCfg = Release|TwinCAT OS (x64)
		{D4780FAF-E408-4C28-88B7-E59800A4638B}.Release|TwinCAT OS (x64).Build.0 = Release|TwinCAT OS (x64)
		{D4780FAF-E408-4C28-88B7-E59800A4638B}.Release|TwinCAT OS (x64-E).ActiveCfg = Release|TwinCAT OS (x64-E)
		{D4780FAF-E408-4C28-88B7-E59800A4638B}.Release|TwinCAT OS (x64-E).Build.0 = Release|TwinCAT OS (x64-E)
		{D4780FAF-E408-4C28-88B7-E59800A4638B}.Release|TwinCAT RT (x64).ActiveCfg = Release|TwinCAT RT (x64)
		{D4780FAF-E408-4C28-88B7-E59800A4638B}.Release|TwinCAT RT (x64).Build.0 = Release|TwinCAT RT (x64)
		{D4780FAF-E408-4C28-88B7-E59800A4638B}.Release|TwinCAT RT (x86).ActiveCfg = Release|TwinCAT RT (x86)
		{D4780FAF-E408-4C28-88B7-E59800A4638B}.Release|TwinCAT RT (x86).Build.0 = Release|TwinCAT RT (x86)
		{2BF7604B-DC0B-4268-9012-909B1D2EB6A6}.Debug|TwinCAT OS (ARMV7-A).ActiveCfg = Debug|TwinCAT OS (ARMV7-A)
		{2BF7604B-DC0B-4268-9012-909B1D2EB6A6}.Debug|TwinCAT OS (ARMV7-A).Build.0 = Debug|TwinCAT OS (ARMV7-A)
		{2BF7604B-DC0B-4268-9012-909B1D2EB6A6}.Debug|TwinCAT OS (ARMV7-M).ActiveCfg = Debug|TwinCAT OS (ARMV7-M)
		{2BF7604B-DC0B-4268-9012-909B1D2EB6A6}.Debug|TwinCAT OS (ARMV7-M).Build.0 = Debug|TwinCAT OS (ARMV7-M)
		{2BF7604B-DC0B-4268-9012-909B1D2EB6A6}.Debug|TwinCAT OS (ARMV8-A).ActiveCfg = Debug|TwinCAT OS (ARMV8-A)
		{2BF7604B-DC0B-4268-9012-909B1D2EB6A6}.Debug|TwinCAT OS (ARMV8-A).Build.0 = Debug|TwinCAT OS (ARMV8-A)
		{2BF7604B-DC0B-4268-9012-909B1D2EB6A6}.Debug|TwinCAT OS (x64).ActiveCfg = Debug|TwinCAT OS (x64)
		{2BF7604B-DC0B-4268-9012-909B1D2EB6A6}.Debug|TwinCAT OS (x64).Build.0 = Debug|TwinCAT OS (x64)
		{2BF7604B-DC0B-4268-9012-909B1D2EB6A6}.Debug|TwinCAT OS (x64-E).ActiveCfg = Debug|TwinCAT OS (x64-E)
		{2BF7604B-DC0B-4268-9012-909B1D2EB6A6}.Debug|TwinCAT OS (x64-E).Build.0 = Debug|TwinCAT OS (x64-E)
		{2BF7604B-DC0B-4268-9012-909B1D2EB6A6}.Debug|TwinCAT RT (x64).ActiveCfg = Debug|TwinCAT RT (x64)
		{2BF7604B-DC0B-4268-9012-909B1D2EB6A6}.Debug|TwinCAT RT (x64).Build.0 = Debug|TwinCAT RT (x64)
		{2BF7604B-DC0B-4268-9012-909B1D2EB6A6}.Debug|TwinCAT RT (x86).ActiveCfg = Debug|TwinCAT RT (x86)
		{2BF7604B-DC0B-4268-9012-909B1D2EB6A6}.Debug|TwinCAT RT (x86).Build.0 = Debug|TwinCAT RT (x86)
		{2BF7604B-DC0B-4268-9012-909B1D2EB6A6}.Release|TwinCAT OS (ARMV7-A).ActiveCfg = Release|TwinCAT OS (ARMV7-A)
		{2BF7604B-DC0B-4268-9012-909B1D2EB6A6}.Release|TwinCAT OS (ARMV7-A).Build.0 = Release|TwinCAT OS (ARMV7-A)
		{2BF7604B-DC0B-4268-9012-909B1D2EB6A6}.Release|TwinCAT OS (ARMV7-M).ActiveCfg = Release|TwinCAT OS (ARMV7-M)
		{2BF7604B-DC0B-4268-9012-909B1D2EB6A6}.Release|TwinCAT OS (ARMV7-M).Build.0 = Release|TwinCAT OS (ARMV7-M)
		{2BF7604B-DC0B-4268-9012-909B1D2EB6A6}.Release|TwinCAT OS (ARMV8-A).ActiveCfg = Release|TwinCAT OS (ARMV8-A)
		{2BF7604B-DC0B-4268-9012-909B1D2EB6A6}.Release|TwinCAT OS (ARMV8-A).Build.0 = Release|TwinCAT OS (ARMV8-A)
		{2BF7604B-DC0B-4268-9012-909B1D2EB6A6}.Release|TwinCAT OS (x64).ActiveCfg = Release|TwinCAT OS (x64)
		{2BF7604B-DC0B-4268-9012-909B1D2EB6A6}.Release|TwinCAT OS (x64).Build.0 = Release|TwinCAT OS (x64)
		{2BF7604B-DC0B-4268-9012-909B1D2EB6A6}.Release|TwinCAT OS (x64-E).ActiveCfg = Release|TwinCAT OS (x64-E)
		{2BF7604B-DC0B-4268-9012-909B1D2EB6A6}.Release|TwinCAT OS (x64-E).Build.0 = Release|TwinCAT OS (x64-E)
		{2BF7604B-DC0B-4268-9012-909B1D2EB6A6}.Release|TwinCAT RT (x64).ActiveCfg = Release|TwinCAT RT (x64)
		{2BF7604B-DC0B-4268-9012-909B1D2EB6A6}.Release|TwinCAT RT (x64).Build.0 = Release|TwinCAT RT (x64)
		{2BF7604B-DC0B-4268-9012-909B1D2EB6A6}.Release|TwinCAT RT (x86).ActiveCfg = Release|TwinCAT RT (x86)
		{2BF7604B-DC0B-4268-9012-909B1D2EB6A6}.Release|TwinCAT RT (x86).Build.0 = Release|TwinCAT RT (x86)
		{4FE4756F-9A7D-4648-BA37-84D2CB925169}.Debug|TwinCAT OS (ARMV7-A).ActiveCfg = Debug|TwinCAT OS (ARMV7-A)
		{4FE4756F-9A7D-4648-BA37-84D2CB925169}.Debug|TwinCAT OS (ARMV7-A).Build.0 = Debug|TwinCAT OS (ARMV7-A)
		{4FE4756F-9A7D-4648-BA37-84D2CB925169}.Debug|TwinCAT OS (ARMV7-M).ActiveCfg = Debug|TwinCAT OS (ARMV7-M)
		{4FE4756F-9A7D-4648-BA37-84D2CB925169}.Debug|TwinCAT OS (ARMV7-M).Build.0 = Debug|TwinCAT OS (ARMV7-M)
		{4FE4756F-9A7D-4648-BA37-84D2CB925169}.Debug|TwinCAT OS (ARMV8-A).ActiveCfg = Debug|TwinCAT OS (ARMV8-A)
		{4FE4756F-9A7D-4648-BA37-84D2CB925169}.Debug|TwinCAT OS (ARMV8-A).Build.0 = Debug|TwinCAT OS (ARMV8-A)
		{4FE4756F-9A7D-4648-BA37-84D2CB925169}.Debug|TwinCAT OS (x64).ActiveCfg = Debug|TwinCAT OS (x64)
		{4FE4756F-9A7D-4648-BA37-84D2CB925169}.Debug|TwinCAT OS (x64).Build.0 = Debug|TwinCAT OS (x64)
		{4FE4756F-9A7D-4648-BA37-84D2CB925169}.Debug|TwinCAT OS (x64-E).ActiveCfg = Debug|TwinCAT OS (x64-E)
		{4FE4756F-9A7D-4648-BA37-84D2CB925169}.Debug|TwinCAT OS (x64-E).Build.0 = Debug|TwinCAT OS (x64-E)
		{4FE4756F-9A7D-4648-BA37-84D2CB925169}.Debug|TwinCAT RT (x64).ActiveCfg = Debug|TwinCAT RT (x64)
		{4FE4756F-9A7D-4648-BA37-84D2CB925169}.Debug|TwinCAT RT (x64).Build.0 = Debug|TwinCAT RT (x64)
		{4FE4756F-9A7D-4648-BA37-84D2CB925169}.Debug|TwinCAT RT (x86).ActiveCfg = Debug|TwinCAT RT (x86)
		{4FE4756F-9A7D-4648-BA37-84D2CB925169}.Debug|TwinCAT RT (x86).Build.0 = Debug|TwinCAT RT (x86)
		{4FE4756F-9A7D-4648-BA37-84D2CB925169}.Release|TwinCAT OS (ARMV7-A).ActiveCfg = Release|TwinCAT OS (ARMV7-A)
		{4FE4756F-9A7D-4648-BA37-84D2CB925169}.Release|TwinCAT OS (ARMV7-A).Build.0 = Release|TwinCAT OS (ARMV7-A)
		{4FE4756F-9A7D-4648-BA37-84D2CB925169}.Release|TwinCAT OS (ARMV7-M).ActiveCfg = Release|TwinCAT OS (ARMV7-M)
		{4FE4756F-9A7D-4648-BA37-84D2CB925169}.Release|TwinCAT OS (ARMV7-M).Build.0 = Release|TwinCAT OS (ARMV7-M)
		{4FE4756F-9A7D-4648-BA37-84D2CB925169}.Release|TwinCAT OS (ARMV8-A).ActiveCfg = Release|TwinCAT OS (ARMV8-A)
		{4FE4756F-9A7D-4648-BA37-84D2CB925169}.Release|TwinCAT OS (ARMV8-A).Build.0 = Release|TwinCAT OS (ARMV8-A)
		{4FE4756F-9A7D-4648-BA37-84D2CB925169}.Release|TwinCAT OS (x64).ActiveCfg = Release|TwinCAT OS (x64)
		{4FE4756F-9A7D-4648-BA37-84D2CB925169}.Release|TwinCAT OS (x64).Build.0 = Release|TwinCAT OS (x64)
		{4FE4756F-9A7D-4648-BA37-84D2CB925169}.Release|TwinCAT OS (x64-E).ActiveCfg = Release|TwinCAT OS (x64-E)
		{4FE4756F-9A7D-4648-BA37-84D2CB925169}.Release|TwinCAT OS (x64-E).Build.0 = Release|TwinCAT OS (x64-E)
		{4FE4756F-9A7D-4648-BA37-84D2CB925169}.Release|TwinCAT RT (x64).ActiveCfg = Release|TwinCAT RT (x64)
		{4FE4756F-9A7D-4648-BA37-84D2CB925169}.Release|TwinCAT RT (x64).Build.0 = Release|TwinCAT RT (x64)
		{4FE4756F-9A7D-4648-BA37-84D2CB925169}.Release|TwinCAT RT (x86).ActiveCfg = Release|TwinCAT RT (x86)
		{4FE4756F-9A7D-4648-BA37-84D2CB925169}.Release|TwinCAT RT (x86).Build.0 = Release|TwinCAT RT (x86)
		{8BE352F7-BC79-4458-81A9-7DFEF5638332}.Debug|TwinCAT OS (ARMV7-A).ActiveCfg = Debug|TwinCAT OS (ARMV7-A)
		{8BE352F7-BC79-4458-81A9-7DFEF5638332}.Debug|TwinCAT OS (ARMV7-A).Build.0 = Debug|TwinCAT OS (ARMV7-A)
		{8BE352F7-BC79-4458-81A9-7DFEF5638332}.Debug|TwinCAT OS (ARMV7-M).ActiveCfg = Debug|TwinCAT OS (ARMV7-M)
		{8BE352F7-BC79-4458-81A9-7DFEF5638332}.Debug|TwinCAT OS (ARMV7-M).Build.0 = Debug|TwinCAT OS (ARMV7-M)
		{8BE352F7-BC79-4458-81A9-7DFEF5638332}.Debug|TwinCAT OS (ARMV8-A).ActiveCfg = Debug|TwinCAT OS (ARMV8-A)
		{8BE352F7-BC79-4458-81A9-7DFEF5638332}.Debug|TwinCAT OS (ARMV8-A).Build.0 = Debug|TwinCAT OS (ARMV8-A)
		{8BE352F7-BC79-4458-81A9-7DFEF5638332}.Debug|TwinCAT OS (x64).ActiveCfg = Debug|TwinCAT OS (x64)
		{8BE352F7-BC79-4458-81A9-7DFEF5638332}.Debug|TwinCAT OS (x64).Build.0 = Debug|TwinCAT OS (x64)
		{8BE352F7-BC79-4458-81A9-7DFEF5638332}.Debug|TwinCAT OS (x64-E).ActiveCfg = Debug|TwinCAT OS (x64-E)
		{8BE352F7-BC79-4458-81A9-7DFEF5638332}.Debug|TwinCAT OS (x64-E).Build.0 = Debug|TwinCAT OS (x64-E)
		{8BE352F7-BC79-4458-81A9-7DFEF5638332}.Debug|TwinCAT RT (x64).ActiveCfg = Debug|TwinCAT RT (x64)
		{8BE352F7-BC79-4458-81A9-7DFEF5638332}.Debug|TwinCAT RT (x64).Build.0 = Debug|TwinCAT RT (x64)
		{8BE352F7-BC79-4458-81A9-7DFEF5638332}.Debug|TwinCAT RT (x86).ActiveCfg = Debug|TwinCAT RT (x86)
		{8BE352F7-BC79-4458-81A9-7DFEF5638332}.Debug|TwinCAT RT (x86).Build.0 = Debug|TwinCAT RT (x86)
		{8BE352F7-BC79-4458-81A9-7DFEF5638332}.Release|TwinCAT OS (ARMV7-A).ActiveCfg = Release|TwinCAT OS (ARMV7-A)
		{8BE352F7-BC79-4458-81A9-7DFEF5638332}.Release|TwinCAT OS (ARMV7-A).Build.0 = Release|TwinCAT OS (ARMV7-A)
		{8BE352F7-BC79-4458-81A9-7DFEF5638332}.Release|TwinCAT OS (ARMV7-M).ActiveCfg = Release|TwinCAT OS (ARMV7-M)
		{8BE352F7-BC79-4458-81A9-7DFEF5638332}.Release|TwinCAT OS (ARMV7-M).Build.0 = Release|TwinCAT OS (ARMV7-M)
		{8BE352F7-BC79-4458-81A9-7DFEF5638332}.Release|TwinCAT OS (ARMV8-A).ActiveCfg = Release|TwinCAT OS (ARMV8-A)
		{8BE352F7-BC79-4458-81A9-7DFEF5638332}.Release|TwinCAT OS (ARMV8-A).Build.0 = Release|TwinCAT OS (ARMV8-A)
		{8BE352F7-BC79-4458-81A9-7DFEF5638332}.Release|TwinCAT OS (x64).ActiveCfg = Release|TwinCAT OS (x64)
		{8BE352F7-BC79-4458-81A9-7DFEF5638332}.Release|TwinCAT OS (x64).Build.0 = Release|TwinCAT OS (x64)
		{8BE352F7-BC79-4458-81A9-7DFEF5638332}.Release|TwinCAT OS (x64-E).ActiveCfg = Release|TwinCAT OS (x64-E)
		{8BE352F7-BC79-4458-81A9-7DFEF5638332}.Release|TwinCAT OS (x64-E).Build.0 = Release|TwinCAT OS (x64-E)
		{8BE352F7-BC79-4458-81A9-7DFEF5638332}.Release|TwinCAT RT (x64).ActiveCfg = Release|TwinCAT RT (x64)
		{8BE352F7-BC79-4458-81A9-7DFEF5638332}.Release|TwinCAT RT (x64).Build.0 = Release|TwinCAT RT (x64)
		{8BE352F7-BC79-4458-81A9-7DFEF5638332}.Release|TwinCAT RT (x86).ActiveCfg = Release|TwinCAT RT (x86)
		{8BE352F7-BC79-4458-81A9-7DFEF5638332}.Release|TwinCAT RT (x86).Build.0 = Release|TwinCAT RT (x86)
		{B8294146-4130-48B6-9305-08DDC124289E}.Debug|TwinCAT OS (ARMV7-A).ActiveCfg = Debug|TwinCAT OS (ARMV7-A)
		{B8294146-4130-48B6-9305-08DDC124289E}.Debug|TwinCAT OS (ARMV7-A).Build.0 = Debug|TwinCAT OS (ARMV7-A)
		{B8294146-4130-48B6-9305-08DDC124289E}.Debug|TwinCAT OS (ARMV7-M).ActiveCfg = Debug|TwinCAT OS (ARMV7-M)
		{B8294146-4130-48B6-9305-08DDC124289E}.Debug|TwinCAT OS (ARMV7-M).Build.0 = Debug|TwinCAT OS (ARMV7-M)
		{B8294146-4130-48B6-9305-08DDC124289E}.Debug|TwinCAT OS (ARMV8-A).ActiveCfg = Debug|TwinCAT OS (ARMV8-A)
		{B8294146-4130-48B6-9305-08DDC124289E}.Debug|TwinCAT OS (ARMV8-A).Build.0 = Debug|TwinCAT OS (ARMV8-A)
		{B8294146-4130-48B6-9305-08DDC124289E}.Debug|TwinCAT OS (x64).ActiveCfg = Debug|TwinCAT OS (x64)
		{B8294146-4130-48B6-9305-08DDC124289E}.Debug|TwinCAT OS (x64).Build.0 = Debug|TwinCAT OS (x64)
		{B8294146-4130-48B6-9305-08DDC124289E}.Debug|TwinCAT OS (x64-E).ActiveCfg = Debug|TwinCAT OS (x64-E)
		{B8294146-4130-48B6-9305-08DDC124289E}.Debug|TwinCAT OS (x64-E).Build.0 = Debug|TwinCAT OS (x64-E)
		{B8294146-4130-48B6-9305-08DDC124289E}.Debug|TwinCAT RT (x64).ActiveCfg = Debug|TwinCAT RT (x64)
		{B8294146-4130-48B6-9305-08DDC124289E}.Debug|TwinCAT RT (x64).Build.0 = Debug|TwinCAT RT (x64)
		{B8294146-4130-48B6-9305-08DDC124289E}.Debug|TwinCAT RT (x86).ActiveCfg = Debug|TwinCAT RT (x86)
		{B8294146-4130-48B6-9305-08DDC124289E}.Debug|TwinCAT RT (x86).Build.0 = Debug|TwinCAT RT (x86)
		{B8294146-4130-48B6-9305-08DDC124289E}.Release|TwinCAT OS (ARMV7-A).ActiveCfg = Release|TwinCAT OS (ARMV7-A)
		{B8294146-4130-48B6-9305-08DDC124289E}.Release|TwinCAT OS (ARMV7-A).Build.0 = Release|TwinCAT OS (ARMV7-A)
		{B8294146-4130-48B6-9305-08DDC124289E}.Release|TwinCAT OS (ARMV7-M).ActiveCfg = Release|TwinCAT OS (ARMV7-M)
		{B8294146-4130-48B6-9305-08DDC124289E}.Release|TwinCAT OS (ARMV7-M).Build.0 = Release|TwinCAT OS (ARMV7-M)
		{B8294146-4130-48B6-9305-08DDC124289E}.Release|TwinCAT OS (ARMV8-A).ActiveCfg = Release|TwinCAT OS (ARMV8-A)
		{B8294146-4130-48B6-9305-08DDC124289E}.Release|TwinCAT OS (ARMV8-A).Build.0 = Release|TwinCAT OS (ARMV8-A)
		{B8294146-4130-48B6-9305-08DDC124289E}.Release|TwinCAT OS (x64).ActiveCfg = Release|TwinCAT OS (x64)
		{B8294146-4130-48B6-9305-08DDC124289E}.Release|TwinCAT OS (x64).Build.0 = Release|TwinCAT OS (x64)
		{B8294146-4130-48B6-9305-08DDC124289E}.Release|TwinCAT OS (x64-E).ActiveCfg = Release|TwinCAT OS (x64-E)
		{B8294146-4130-48B6-9305-08DDC124289E}.Release|TwinCAT OS (x64-E).Build.0 = Release|TwinCAT OS (x64-E)
		{B8294146-4130-48B6-9305-08DDC124289E}.Release|TwinCAT RT (x64).ActiveCfg = Release|TwinCAT RT (x64)
		{B8294146-4130-48B6-9305-08DDC124289E}.Release|TwinCAT RT (x64).Build.0 = Release|TwinCAT RT (x64)
		{B8294146-4130-48B6-9305-08DDC124289E}.Release|TwinCAT RT (x86).ActiveCfg = Release|TwinCAT RT (x86)
		{B8294146-4130-48B6-9305-08DDC124289E}.Release|TwinCAT RT (x86).Build.0 = Release|TwinCAT RT (x86)
		{B6BA5DCF-D088-4DF1-A43B-F502304C773B}.Debug|TwinCAT OS (ARMV7-A).ActiveCfg = Debug|TwinCAT OS (ARMV7-A)
		{B6BA5DCF-D088-4DF1-A43B-F502304C773B}.Debug|TwinCAT OS (ARMV7-A).Build.0 = Debug|TwinCAT OS (ARMV7-A)
		{B6BA5DCF-D088-4DF1-A43B-F502304C773B}.Debug|TwinCAT OS (ARMV7-M).ActiveCfg = Debug|TwinCAT OS (ARMV7-M)
		{B6BA5DCF-D088-4DF1-A43B-F502304C773B}.Debug|TwinCAT OS (ARMV7-M).Build.0 = Debug|TwinCAT OS (ARMV7-M)
		{B6BA5DCF-D088-4DF1-A43B-F502304C773B}.Debug|TwinCAT OS (ARMV8-A).ActiveCfg = Debug|TwinCAT OS (ARMV8-A)
		{B6BA5DCF-D088-4DF1-A43B-F502304C773B}.Debug|TwinCAT OS (ARMV8-A).Build.0 = Debug|TwinCAT OS (ARMV8-A)
		{B6BA5DCF-D088-4DF1-A43B-F502304C773B}.Debug|TwinCAT OS (x64).ActiveCfg = Debug|TwinCAT OS (x64)
		{B6BA5DCF-D088-4DF1-A43B-F502304C773B}.Debug|TwinCAT OS (x64).Build.0 = Debug|TwinCAT OS (x64)
		{B6BA5DCF-D088-4DF1-A43B-F502304C773B}.Debug|TwinCAT OS (x64-E).ActiveCfg = Debug|TwinCAT OS (x64-E)
		{B6BA5DCF-D088-4DF1-A43B-F502304C773B}.Debug|TwinCAT OS (x64-E).Build.0 = Debug|TwinCAT OS (x64-E)
		{B6BA5DCF-D088-4DF1-A43B-F502304C773B}.Debug|TwinCAT RT (x64).ActiveCfg = Debug|TwinCAT RT (x64)
		{B6BA5DCF-D088-4DF1-A43B-F502304C773B}.Debug|TwinCAT RT (x64).Build.0 = Debug|TwinCAT RT (x64)
		{B6BA5DCF-D088-4DF1-A43B-F502304C773B}.Debug|TwinCAT RT (x86).ActiveCfg = Debug|TwinCAT RT (x86)
		{B6BA5DCF-D088-4DF1-A43B-F502304C773B}.Debug|TwinCAT RT (x86).Build.0 = Debug|TwinCAT RT (x86)
		{B6BA5DCF-D088-4DF1-A43B-F502304C773B}.Release|TwinCAT OS (ARMV7-A).ActiveCfg = Release|TwinCAT OS (ARMV7-A)
		{B6BA5DCF-D088-4DF1-A43B-F502304C773B}.Release|TwinCAT OS (ARMV7-A).Build.0 = Release|TwinCAT OS (ARMV7-A)
		{B6BA5DCF-D088-4DF1-A43B-F502304C773B}.Release|TwinCAT OS (ARMV7-M).ActiveCfg = Release|TwinCAT OS (ARMV7-M)
		{B6BA5DCF-D088-4DF1-A43B-F502304C773B}.Release|TwinCAT OS (ARMV7-M).Build.0 = Release|TwinCAT OS (ARMV7-M)
		{B6BA5DCF-D088-4DF1-A43B-F502304C773B}.Release|TwinCAT OS (ARMV8-A).ActiveCfg = Release|TwinCAT OS (ARMV8-A)
		{B6BA5DCF-D088-4DF1-A43B-F502304C773B}.Release|TwinCAT OS (ARMV8-A).Build.0 = Release|TwinCAT OS (ARMV8-A)
		{B6BA5DCF-D088-4DF1-A43B-F502304C773B}.Release|TwinCAT OS (x64).ActiveCfg = Release|TwinCAT OS (x64)
		{B6BA5DCF-D088-4DF1-A43B-F502304C773B}.Release|TwinCAT OS (x64).Build.0 = Release|TwinCAT OS (x64)
		{B6BA5DCF-D088-4DF1-A43B-F502304C773B}.Release|TwinCAT OS (x64-E).ActiveCfg = Release|TwinCAT OS (x64-E)
		{B6BA5DCF-D088-4DF1-A43B-F502304C773B}.Release|TwinCAT OS (x64-E).Build.0 = Release|TwinCAT OS (x64-E)
		{B6BA5DCF-D088-4DF1-A43B-F502304C773B}.Release|TwinCAT RT (x64).ActiveCfg = Release|TwinCAT RT (x64)
		{B6BA5DCF-D088-4DF1-A43B-F502304C773B}.Release|TwinCAT RT (x64).Build.0 = Release|TwinCAT RT (x64)
		{B6BA5DCF-D088-4DF1-A43B-F502304C773B}.Release|TwinCAT RT (x86).ActiveCfg = Release|TwinCAT RT (x86)
		{B6BA5DCF-D088-4DF1-A43B-F502304C773B}.Release|TwinCAT RT (x86).Build.0 = Release|TwinCAT RT (x86)
		{487F00AE-F446-468D-A2E1-4A16157AF6CD}.Debug|TwinCAT OS (ARMV7-A).ActiveCfg = Debug|TwinCAT OS (ARMV7-A)
		{487F00AE-F446-468D-A2E1-4A16157AF6CD}.Debug|TwinCAT OS (ARMV7-A).Build.0 = Debug|TwinCAT OS (ARMV7-A)
		{487F00AE-F446-468D-A2E1-4A16157AF6CD}.Debug|TwinCAT OS (ARMV7-M).ActiveCfg = Debug|TwinCAT OS (ARMV7-M)
		{487F00AE-F446-468D-A2E1-4A16157AF6CD}.Debug|TwinCAT OS (ARMV7-M).Build.0 = Debug|TwinCAT OS (ARMV7-M)
		{487F00AE-F446-468D-A2E1-4A16157AF6CD}.Debug|TwinCAT OS (ARMV8-A).ActiveCfg = Debug|TwinCAT OS (ARMV8-A)
		{487F00AE-F446-468D-A2E1-4A16157AF6CD}.Debug|TwinCAT OS (ARMV8-A).Build.0 = Debug|TwinCAT OS (ARMV8-A)
		{487F00AE-F446-468D-A2E1-4A16157AF6CD}.Debug|TwinCAT OS (x64).ActiveCfg = Debug|TwinCAT OS (x64)
		{487F00AE-F446-468D-A2E1-4A16157AF6CD}.Debug|TwinCAT OS (x64).Build.0 = Debug|TwinCAT OS (x64)
		{487F00AE-F446-468D-A2E1-4A16157AF6CD}.Debug|TwinCAT OS (x64-E).ActiveCfg = Debug|TwinCAT OS (x64-E)
		{487F00AE-F446-468D-A2E1-4A16157AF6CD}.Debug|TwinCAT OS (x64-E).Build.0 = Debug|TwinCAT OS (x64-E)
		{487F00AE-F446-468D-A2E1-4A16157AF6CD}.Debug|TwinCAT RT (x64).ActiveCfg = Debug|TwinCAT RT (x64)
		{487F00AE-F446-468D-A2E1-4A16157AF6CD}.Debug|TwinCAT RT (x64).Build.0 = Debug|TwinCAT RT (x64)
		{487F00AE-F446-468D-A2E1-4A16157AF6CD}.Debug|TwinCAT RT (x86).ActiveCfg = Debug|TwinCAT RT (x86)
		{487F00AE-F446-468D-A2E1-4A16157AF6CD}.Debug|TwinCAT RT (x86).Build.0 = Debug|TwinCAT RT (x86)
		{487F00AE-F446-468D-A2E1-4A16157AF6CD}.Release|TwinCAT OS (ARMV7-A).ActiveCfg = Release|TwinCAT OS (ARMV7-A)
		{487F00AE-F446-468D-A2E1-4A16157AF6CD}.Release|TwinCAT OS (ARMV7-A).Build.0 = Release|TwinCAT OS (ARMV7-A)
		{487F00AE-F446-468D-A2E1-4A16157AF6CD}.Release|TwinCAT OS (ARMV7-M).ActiveCfg = Release|TwinCAT OS (ARMV7-M)
		{487F00AE-F446-468D-A2E1-4A16157AF6CD}.Release|TwinCAT OS (ARMV7-M).Build.0 = Release|TwinCAT OS (ARMV7-M)
		{487F00AE-F446-468D-A2E1-4A16157AF6CD}.Release|TwinCAT OS (ARMV8-A).ActiveCfg = Release|TwinCAT OS (ARMV8-A)
		{487F00AE-F446-468D-A2E1-4A16157AF6CD}.Release|TwinCAT OS (ARMV8-A).Build.0 = Release|TwinCAT OS (ARMV8-A)
		{487F00AE-F446-468D-A2E1-4A16157AF6CD}.Release|TwinCAT OS (x64).ActiveCfg = Release|TwinCAT OS (x64)
		{487F00AE-F446-468D-A2E1-4A16157AF6CD}.Release|TwinCAT OS (x64).Build.0 = Release|TwinCAT OS (x64)
		{487F00AE-F446-468D-A2E1-4A16157AF6CD}.Release|TwinCAT OS (x64-E).ActiveCfg = Release|TwinCAT OS (x64-E)
		{487F00AE-F446-468D-A2E1-4A16157AF6CD}.Release|TwinCAT OS (x64-E).Build.0 = Release|TwinCAT OS (x64-E)
		{487F00AE-F446-468D-A2E1-4A16157AF6CD}.Release|TwinCAT RT (x64).ActiveCfg = Release|TwinCAT RT (x64)
		{487F00AE-F446-468D-A2E1-4A16157AF6CD}.Release|TwinCAT RT (x64).Build.0 = Release|TwinCAT RT (x64)
		{487F00AE-F446-468D-A2E1-4A16157AF6CD}.Release|TwinCAT RT (x86).ActiveCfg = Release|TwinCAT RT (x86)
		{487F00AE-F446-468D-A2E1-4A16157AF6CD}.Release|TwinCAT RT (x86).Build.0 = Release|TwinCAT RT (x86)
		{4CBC876A-CC0E-4FB8-80C9-42060E26C01D}.Debug|TwinCAT OS (ARMV7-A).ActiveCfg = Debug|TwinCAT OS (ARMV7-A)
		{4CBC876A-CC0E-4FB8-80C9-42060E26C01D}.Debug|TwinCAT OS (ARMV7-A).Build.0 = Debug|TwinCAT OS (ARMV7-A)
		{4CBC876A-CC0E-4FB8-80C9-42060E26C01D}.Debug|TwinCAT OS (ARMV7-M).ActiveCfg = Debug|TwinCAT OS (ARMV7-M)
		{4CBC876A-CC0E-4FB8-80C9-42060E26C01D}.Debug|TwinCAT OS (ARMV7-M).Build.0 = Debug|TwinCAT OS (ARMV7-M)
		{4CBC876A-CC0E-4FB8-80C9-42060E26C01D}.Debug|TwinCAT OS (ARMV8-A).ActiveCfg = Debug|TwinCAT OS (ARMV8-A)
		{4CBC876A-CC0E-4FB8-80C9-42060E26C01D}.Debug|TwinCAT OS (ARMV8-A).Build.0 = Debug|TwinCAT OS (ARMV8-A)
		{4CBC876A-CC0E-4FB8-80C9-42060E26C01D}.Debug|TwinCAT OS (x64).ActiveCfg = Debug|TwinCAT OS (x64)
		{4CBC876A-CC0E-4FB8-80C9-42060E26C01D}.Debug|TwinCAT OS (x64).Build.0 = Debug|TwinCAT OS (x64)
		{4CBC876A-CC0E-4FB8-80C9-42060E26C01D}.Debug|TwinCAT OS (x64-E).ActiveCfg = Debug|TwinCAT OS (x64-E)
		{4CBC876A-CC0E-4FB8-80C9-42060E26C01D}.Debug|TwinCAT OS (x64-E).Build.0 = Debug|TwinCAT OS (x64-E)
		{4CBC876A-CC0E-4FB8-80C9-42060E26C01D}.Debug|TwinCAT RT (x64).ActiveCfg = Debug|TwinCAT RT (x64)
		{4CBC876A-CC0E-4FB8-80C9-42060E26C01D}.Debug|TwinCAT RT (x64).Build.0 = Debug|TwinCAT RT (x64)
		{4CBC876A-CC0E-4FB8-80C9-42060E26C01D}.Debug|TwinCAT RT (x86).ActiveCfg = Debug|TwinCAT RT (x86)
		{4CBC876A-CC0E-4FB8-80C9-42060E26C01D}.Debug|TwinCAT RT (x86).Build.0 = Debug|TwinCAT RT (x86)
		{4CBC876A-CC0E-4FB8-80C9-42060E26C01D}.Release|TwinCAT OS (ARMV7-A).ActiveCfg = Release|TwinCAT OS (ARMV7-A)
		{4CBC876A-CC0E-4FB8-80C9-42060E26C01D}.Release|TwinCAT OS (ARMV7-A).Build.0 = Release|TwinCAT OS (ARMV7-A)
		{4CBC876A-CC0E-4FB8-80C9-42060E26C01D}.Release|TwinCAT OS (ARMV7-M).ActiveCfg = Release|TwinCAT OS (ARMV7-M)
		{4CBC876A-CC0E-4FB8-80C9-42060E26C01D}.Release|TwinCAT OS (ARMV7-M).Build.0 = Release|TwinCAT OS (ARMV7-M)
		{4CBC876A-CC0E-4FB8-80C9-42060E26C01D}.Release|TwinCAT OS (ARMV8-A).ActiveCfg = Release|TwinCAT OS (ARMV8-A)
		{4CBC876A-CC0E-4FB8-80C9-42060E26C01D}.Release|TwinCAT OS (ARMV8-A).Build.0 = Release|TwinCAT OS (ARMV8-A)
		{4CBC876A-CC0E-4FB8-80C9-42060E26C01D}.Release|TwinCAT OS (x64).ActiveCfg = Release|TwinCAT OS (x64)
		{4CBC876A-CC0E-4FB8-80C9-42060E26C01D}.Release|TwinCAT OS (x64).Build.0 = Release|TwinCAT OS (x64)
		{4CBC876A-CC0E-4FB8-80C9-42060E26C01D}.Release|TwinCAT OS (x64-E).ActiveCfg = Release|TwinCAT OS (x64-E)
		{4CBC876A-CC0E-4FB8-80C9-42060E26C01D}.Release|TwinCAT OS (x64-E).Build.0 = Release|TwinCAT OS (x64-E)
		{4CBC876A-CC0E-4FB8-80C9-42060E26C01D}.Release|TwinCAT RT (x64).ActiveCfg = Release|TwinCAT RT (x64)
		{4CBC876A-CC0E-4FB8-80C9-42060E26C01D}.Release|TwinCAT RT (x64).Build.0 = Release|TwinCAT RT (x64)
		{4CBC876A-CC0E-4FB8-80C9-42060E26C01D}.Release|TwinCAT RT (x86).ActiveCfg = Release|TwinCAT RT (x86)
		{4CBC876A-CC0E-4FB8-80C9-42060E26C01D}.Release|TwinCAT RT (x86).Build.0 = Release|TwinCAT RT (x86)
		{C7FE6F46-15BE-4C61-94D2-7FA31DDD947C}.Debug|TwinCAT OS (ARMV7-A).ActiveCfg = Debug|TwinCAT OS (ARMV7-A)
		{C7FE6F46-15BE-4C61-94D2-7FA31DDD947C}.Debug|TwinCAT OS (ARMV7-A).Build.0 = Debug|TwinCAT OS (ARMV7-A)
		{C7FE6F46-15BE-4C61-94D2-7FA31DDD947C}.Debug|TwinCAT OS (ARMV7-M).ActiveCfg = Debug|TwinCAT OS (ARMV7-M)
		{C7FE6F46-15BE-4C61-94D2-7FA31DDD947C}.Debug|TwinCAT OS (ARMV7-M).Build.0 = Debug|TwinCAT OS (ARMV7-M)
		{C7FE6F46-15BE-4C61-94D2-7FA31DDD947C}.Debug|TwinCAT OS (ARMV8-A).ActiveCfg = Debug|TwinCAT OS (ARMV8-A)
		{C7FE6F46-15BE-4C61-94D2-7FA31DDD947C}.Debug|TwinCAT OS (ARMV8-A).Build.0 = Debug|TwinCAT OS (ARMV8-A)
		{C7FE6F46-15BE-4C61-94D2-7FA31DDD947C}.Debug|TwinCAT OS (x64).ActiveCfg = Debug|TwinCAT OS (x64)
		{C7FE6F46-15BE-4C61-94D2-7FA31DDD947C}.Debug|TwinCAT OS (x64).Build.0 = Debug|TwinCAT OS (x64)
		{C7FE6F46-15BE-4C61-94D2-7FA31DDD947C}.Debug|TwinCAT OS (x64-E).ActiveCfg = Debug|TwinCAT OS (x64-E)
		{C7FE6F46-15BE-4C61-94D2-7FA31DDD947C}.Debug|TwinCAT OS (x64-E).Build.0 = Debug|TwinCAT OS (x64-E)
		{C7FE6F46-15BE-4C61-94D2-7FA31DDD947C}.Debug|TwinCAT RT (x64).ActiveCfg = Debug|TwinCAT RT (x64)
		{C7FE6F46-15BE-4C61-94D2-7FA31DDD947C}.Debug|TwinCAT RT (x64).Build.0 = Debug|TwinCAT RT (x64)
		{C7FE6F46-15BE-4C61-94D2-7FA31DDD947C}.Debug|TwinCAT RT (x86).ActiveCfg = Debug|TwinCAT RT (x86)
		{C7FE6F46-15BE-4C61-94D2-7FA31DDD947C}.Debug|TwinCAT RT (x86).Build.0 = Debug|TwinCAT RT (x86)
		{C7FE6F46-15BE-4C61-94D2-7FA31DDD947C}.Release|TwinCAT OS (ARMV7-A).ActiveCfg = Release|TwinCAT OS (ARMV7-A)
		{C7FE6F46-15BE-4C61-94D2-7FA31DDD947C}.Release|TwinCAT OS (ARMV7-A).Build.0 = Release|TwinCAT OS (ARMV7-A)
		{C7FE6F46-15BE-4C61-94D2-7FA31DDD947C}.Release|TwinCAT OS (ARMV7-M).ActiveCfg = Release|TwinCAT OS (ARMV7-M)
		{C7FE6F46-15BE-4C61-94D2-7FA31DDD947C}.Release|TwinCAT OS (ARMV7-M).Build.0 = Release|TwinCAT OS (ARMV7-M)
		{C7FE6F46-15BE-4C61-94D2-7FA31DDD947C}.Release|TwinCAT OS (ARMV8-A).ActiveCfg = Release|TwinCAT OS (ARMV8-A)
		{C7FE6F46-15BE-4C61-94D2-7FA31DDD947C}.Release|TwinCAT OS (ARMV8-A).Build.0 = Release|TwinCAT OS (ARMV8-A)
		{C7FE6F46-15BE-4C61-94D2-7FA31DDD947C}.Release|TwinCAT OS (x64).ActiveCfg = Release|TwinCAT OS (x64)
		{C7FE6F46-15BE-4C61-94D2-7FA31DDD947C}.Release|TwinCAT OS (x64).Build.0 = Release|TwinCAT OS (x64)
		{C7FE6F46-15BE-4C61-94D2-7FA31DDD947C}.Release|TwinCAT OS (x64-E).ActiveCfg = Release|TwinCAT OS (x64-E)
		{C7FE6F46-15BE-4C61-94D2-7FA31DDD947C}.Release|TwinCAT OS (x64-E).Build.0 = Release|TwinCAT OS (x64-E)
		{C7FE6F46-15BE-4C61-94D2-7FA31DDD947C}.Release|TwinCAT RT (x64).ActiveCfg = Release|TwinCAT RT (x64)
		{C7FE6F46-15BE-4C61-94D2-7FA31DDD947C}.Release|TwinCAT RT (x64).Build.0 = Release|TwinCAT RT (x64)
		{C7FE6F46-15BE-4C61-94D2-7FA31DDD947C}.Release|TwinCAT RT (x86).ActiveCfg = Release|TwinCAT RT (x86)
		{C7FE6F46-15BE-4C61-94D2-7FA31DDD947C}.Release|TwinCAT RT (x86).Build.0 = Release|TwinCAT RT (x86)
		{4B11B93A-10FD-4D4A-AD15-1C39D9AEE8A1}.Debug|TwinCAT OS (ARMV7-A).ActiveCfg = Debug|TwinCAT OS (ARMV7-A)
		{4B11B93A-10FD-4D4A-AD15-1C39D9AEE8A1}.Debug|TwinCAT OS (ARMV7-A).Build.0 = Debug|TwinCAT OS (ARMV7-A)
		{4B11B93A-10FD-4D4A-AD15-1C39D9AEE8A1}.Debug|TwinCAT OS (ARMV7-M).ActiveCfg = Debug|TwinCAT OS (ARMV7-M)
		{4B11B93A-10FD-4D4A-AD15-1C39D9AEE8A1}.Debug|TwinCAT OS (ARMV7-M).Build.0 = Debug|TwinCAT OS (ARMV7-M)
		{4B11B93A-10FD-4D4A-AD15-1C39D9AEE8A1}.Debug|TwinCAT OS (ARMV8-A).ActiveCfg = Debug|TwinCAT OS (ARMV8-A)
		{4B11B93A-10FD-4D4A-AD15-1C39D9AEE8A1}.Debug|TwinCAT OS (ARMV8-A).Build.0 = Debug|TwinCAT OS (ARMV8-A)
		{4B11B93A-10FD-4D4A-AD15-1C39D9AEE8A1}.Debug|TwinCAT OS (x64).ActiveCfg = Debug|TwinCAT OS (x64)
		{4B11B93A-10FD-4D4A-AD15-1C39D9AEE8A1}.Debug|TwinCAT OS (x64).Build.0 = Debug|TwinCAT OS (x64)
		{4B11B93A-10FD-4D4A-AD15-1C39D9AEE8A1}.Debug|TwinCAT OS (x64-E).ActiveCfg = Debug|TwinCAT OS (x64-E)
		{4B11B93A-10FD-4D4A-AD15-1C39D9AEE8A1}.Debug|TwinCAT OS (x64-E).Build.0 = Debug|TwinCAT OS (x64-E)
		{4B11B93A-10FD-4D4A-AD15-1C39D9AEE8A1}.Debug|TwinCAT RT (x64).ActiveCfg = Debug|TwinCAT RT (x64)
		{4B11B93A-10FD-4D4A-AD15-1C39D9AEE8A1}.Debug|TwinCAT RT (x64).Build.0 = Debug|TwinCAT RT (x64)
		{4B11B93A-10FD-4D4A-AD15-1C39D9AEE8A1}.Debug|TwinCAT RT (x86).ActiveCfg = Debug|TwinCAT RT (x86)
		{4B11B93A-10FD-4D4A-AD15-1C39D9AEE8A1}.Debug|TwinCAT RT (x86).Build.0 = Debug|TwinCAT RT (x86)
		{4B11B93A-10FD-4D4A-AD15-1C39D9AEE8A1}.Release|TwinCAT OS (ARMV7-A).ActiveCfg = Release|TwinCAT OS (ARMV7-A)
		{4B11B93A-10FD-4D4A-AD15-1C39D9AEE8A1}.Release|TwinCAT OS (ARMV7-A).Build.0 = Release|TwinCAT OS (ARMV7-A)
		{4B11B93A-10FD-4D4A-AD15-1C39D9AEE8A1}.Release|TwinCAT OS (ARMV7-M).ActiveCfg = Release|TwinCAT OS (ARMV7-M)
		{4B11B93A-10FD-4D4A-AD15-1C39D9AEE8A1}.Release|TwinCAT OS (ARMV7-M).Build.0 = Release|TwinCAT OS (ARMV7-M)
		{4B11B93A-10FD-4D4A-AD15-1C39D9AEE8A1}.Release|TwinCAT OS (ARMV8-A).ActiveCfg = Release|TwinCAT OS (ARMV8-A)
		{4B11B93A-10FD-4D4A-AD15-1C39D9AEE8A1}.Release|TwinCAT OS (ARMV8-A).Build.0 = Release|TwinCAT OS (ARMV8-A)
		{4B11B93A-10FD-4D4A-AD15-1C39D9AEE8A1}.Release|TwinCAT OS (x64).ActiveCfg = Release|TwinCAT OS (x64)
		{4B11B93A-10FD-4D4A-AD15-1C39D9AEE8A1}.Release|TwinCAT OS (x64).Build.0 = Release|TwinCAT OS (x64)
		{4B11B93A-10FD-4D4A-AD15-1C39D9AEE8A1}.Release|TwinCAT OS (x64-E).ActiveCfg = Release|TwinCAT OS (x64-E)
		{4B11B93A-10FD-4D4A-AD15-1C39D9AEE8A1}.Release|TwinCAT OS (x64-E).Build.0 = Release|TwinCAT OS (x64-E)
		{4B11B93A-10FD-4D4A-AD15-1C39D9AEE8A1}.Release|TwinCAT RT (x64).ActiveCfg = Release|TwinCAT RT (x64)
		{4B11B93A-10FD-4D4A-AD15-1C39D9AEE8A1}.Release|TwinCAT RT (x64).Build.0 = Release|TwinCAT RT (x64)
		{4B11B93A-10FD-4D4A-AD15-1C39D9AEE8A1}.Release|TwinCAT RT (x86).ActiveCfg = Release|TwinCAT RT (x86)
		{4B11B93A-10FD-4D4A-AD15-1C39D9AEE8A1}.Release|TwinCAT RT (x86).Build.0 = Release|TwinCAT RT (x86)
	EndGlobalSection
	GlobalSection(SolutionProperties) = preSolution
		HideSolutionNode = FALSE
	EndGlobalSection
	GlobalSection(ExtensibilityGlobals) = postSolution
		SolutionGuid = {C68C2434-FF3F-470E-97FD-03A69922D270}
	EndGlobalSection
EndGlobal
